// !$*UTF8*$!
{
	archiveVersion = 1;
	classes = {
	};
	objectVersion = 50;
	objects = {

/* Begin PBXBuildFile section */
		38E4E90421B5FDEA006CC493 /* AppDelegate.swift in Sources */ = {isa = PBXBuildFile; fileRef = 38E4E90321B5FDEA006CC493 /* AppDelegate.swift */; };
		38E4E90621B5FDEA006CC493 /* ViewController.swift in Sources */ = {isa = PBXBuildFile; fileRef = 38E4E90521B5FDEA006CC493 /* ViewController.swift */; };
		38E4E90921B5FDEA006CC493 /* Main.storyboard in Resources */ = {isa = PBXBuildFile; fileRef = 38E4E90721B5FDEA006CC493 /* Main.storyboard */; };
		38E4E90B21B5FDEC006CC493 /* Assets.xcassets in Resources */ = {isa = PBXBuildFile; fileRef = 38E4E90A21B5FDEC006CC493 /* Assets.xcassets */; };
		38E4E90E21B5FDEC006CC493 /* LaunchScreen.storyboard in Resources */ = {isa = PBXBuildFile; fileRef = 38E4E90C21B5FDEC006CC493 /* LaunchScreen.storyboard */; };
/* End PBXBuildFile section */

/* Begin PBXFileReference section */
		38E4E90021B5FDEA006CC493 /* rappmovie.app */ = {isa = PBXFileReference; explicitFileType = wrapper.application; includeInIndex = 0; path = rappmovie.app; sourceTree = BUILT_PRODUCTS_DIR; };
		38E4E90321B5FDEA006CC493 /* AppDelegate.swift */ = {isa = PBXFileReference; lastKnownFileType = sourcecode.swift; path = AppDelegate.swift; sourceTree = "<group>"; };
		38E4E90521B5FDEA006CC493 /* ViewController.swift */ = {isa = PBXFileReference; lastKnownFileType = sourcecode.swift; path = ViewController.swift; sourceTree = "<group>"; };
		38E4E90821B5FDEA006CC493 /* Base */ = {isa = PBXFileReference; lastKnownFileType = file.storyboard; name = Base; path = Base.lproj/Main.storyboard; sourceTree = "<group>"; };
		38E4E90A21B5FDEC006CC493 /* Assets.xcassets */ = {isa = PBXFileReference; lastKnownFileType = folder.assetcatalog; path = Assets.xcassets; sourceTree = "<group>"; };
		38E4E90D21B5FDEC006CC493 /* Base */ = {isa = PBXFileReference; lastKnownFileType = file.storyboard; name = Base; path = Base.lproj/LaunchScreen.storyboard; sourceTree = "<group>"; };
		38E4E90F21B5FDEC006CC493 /* Info.plist */ = {isa = PBXFileReference; lastKnownFileType = text.plist.xml; path = Info.plist; sourceTree = "<group>"; };
/* End PBXFileReference section */

/* Begin PBXFrameworksBuildPhase section */
		38E4E8FD21B5FDEA006CC493 /* Frameworks */ = {
			isa = PBXFrameworksBuildPhase;
			buildActionMask = 2147483647;
			files = (
			);
			runOnlyForDeploymentPostprocessing = 0;
		};
/* End PBXFrameworksBuildPhase section */

/* Begin PBXGroup section */
		38E4E8F721B5FDEA006CC493 = {
			isa = PBXGroup;
			children = (
				38E4E90221B5FDEA006CC493 /* rappmovie */,
				38E4E90121B5FDEA006CC493 /* Products */,
			);
			sourceTree = "<group>";
		};
		38E4E90121B5FDEA006CC493 /* Products */ = {
			isa = PBXGroup;
			children = (
				38E4E90021B5FDEA006CC493 /* rappmovie.app */,
			);
			name = Products;
			sourceTree = "<group>";
		};
		38E4E90221B5FDEA006CC493 /* rappmovie */ = {
			isa = PBXGroup;
			children = (
				38E4E90321B5FDEA006CC493 /* AppDelegate.swift */,
				38E4E90521B5FDEA006CC493 /* ViewController.swift */,
				38E4E90721B5FDEA006CC493 /* Main.storyboard */,
				38E4E90A21B5FDEC006CC493 /* Assets.xcassets */,
				38E4E90C21B5FDEC006CC493 /* LaunchScreen.storyboard */,
				38E4E90F21B5FDEC006CC493 /* Info.plist */,
			);
			path = rappmovie;
			sourceTree = "<group>";
		};
/* End PBXGroup section */

/* Begin PBXNativeTarget section */
		38E4E8FF21B5FDEA006CC493 /* rappmovie */ = {
			isa = PBXNativeTarget;
			buildConfigurationList = 38E4E91221B5FDEC006CC493 /* Build configuration list for PBXNativeTarget "rappmovie" */;
			buildPhases = (
				38E4E8FC21B5FDEA006CC493 /* Sources */,
				38E4E8FD21B5FDEA006CC493 /* Frameworks */,
				38E4E8FE21B5FDEA006CC493 /* Resources */,
			);
			buildRules = (
			);
			dependencies = (
			);
			name = rappmovie;
			productName = rappmovie;
			productReference = 38E4E90021B5FDEA006CC493 /* rappmovie.app */;
			productType = "com.apple.product-type.application";
		};
/* End PBXNativeTarget section */

/* Begin PBXProject section */
		38E4E8F821B5FDEA006CC493 /* Project object */ = {
			isa = PBXProject;
			attributes = {
				LastSwiftUpdateCheck = 1010;
				LastUpgradeCheck = 1010;
				ORGANIZATIONNAME = BaxLabs;
				TargetAttributes = {
					38E4E8FF21B5FDEA006CC493 = {
						CreatedOnToolsVersion = 10.1;
					};
				};
			};
			buildConfigurationList = 38E4E8FB21B5FDEA006CC493 /* Build configuration list for PBXProject "rappmovie" */;
			compatibilityVersion = "Xcode 9.3";
			developmentRegion = en;
			hasScannedForEncodings = 0;
			knownRegions = (
				en,
				Base,
			);
			mainGroup = 38E4E8F721B5FDEA006CC493;
			productRefGroup = 38E4E90121B5FDEA006CC493 /* Products */;
			projectDirPath = "";
			projectRoot = "";
			targets = (
				38E4E8FF21B5FDEA006CC493 /* rappmovie */,
			);
		};
/* End PBXProject section */

/* Begin PBXResourcesBuildPhase section */
		38E4E8FE21B5FDEA006CC493 /* Resources */ = {
			isa = PBXResourcesBuildPhase;
			buildActionMask = 2147483647;
			files = (
				38E4E90E21B5FDEC006CC493 /* LaunchScreen.storyboard in Resources */,
				38E4E90B21B5FDEC006CC493 /* Assets.xcassets in Resources */,
				38E4E90921B5FDEA006CC493 /* Main.storyboard in Resources */,
			);
			runOnlyForDeploymentPostprocessing = 0;
		};
/* End PBXResourcesBuildPhase section */

/* Begin PBXSourcesBuildPhase section */
		38E4E8FC21B5FDEA006CC493 /* Sources */ = {
			isa = PBXSourcesBuildPhase;
			buildActionMask = 2147483647;
			files = (
				38E4E90621B5FDEA006CC493 /* ViewController.swift in Sources */,
				38E4E90421B5FDEA006CC493 /* AppDelegate.swift in Sources */,
			);
			runOnlyForDeploymentPostprocessing = 0;
		};
/* End PBXSourcesBuildPhase section */

/* Begin PBXVariantGroup section */
		38E4E90721B5FDEA006CC493 /* Main.storyboard */ = {
			isa = PBXVariantGroup;
			children = (
				38E4E90821B5FDEA006CC493 /* Base */,
			);
			name = Main.storyboard;
			sourceTree = "<group>";
		};
		38E4E90C21B5FDEC006CC493 /* LaunchScreen.storyboard */ = {
			isa = PBXVariantGroup;
			children = (
				38E4E90D21B5FDEC006CC493 /* Base */,
			);
			name = LaunchScreen.storyboard;
			sourceTree = "<group>";
		};
/* End PBXVariantGroup section */

/* Begin XCBuildConfiguration section */
		38E4E91021B5FDEC006CC493 /* Debug */ = {
			isa = XCBuildConfiguration;
			buildSettings = {
				ALWAYS_SEARCH_USER_PATHS = NO;
				CLANG_ANALYZER_NONNULL = YES;
				CLANG_ANALYZER_NUMBER_OBJECT_CONVERSION = YES_AGGRESSIVE;
				CLANG_CXX_LANGUAGE_STANDARD = "gnu++14";
				CLANG_CXX_LIBRARY = "libc++";
				CLANG_ENABLE_MODULES = YES;
				CLANG_ENABLE_OBJC_ARC = YES;
				CLANG_ENABLE_OBJC_WEAK = YES;
				CLANG_WARN_BLOCK_CAPTURE_AUTORELEASING = YES;
				CLANG_WARN_BOOL_CONVERSION = YES;
				CLANG_WARN_COMMA = YES;
				CLANG_WARN_CONSTANT_CONVERSION = YES;
				CLANG_WARN_DEPRECATED_OBJC_IMPLEMENTATIONS = YES;
				CLANG_WARN_DIRECT_OBJC_ISA_USAGE = YES_ERROR;
				CLANG_WARN_DOCUMENTATION_COMMENTS = YES;
				CLANG_WARN_EMPTY_BODY = YES;
				CLANG_WARN_ENUM_CONVERSION = YES;
				CLANG_WARN_INFINITE_RECURSION = YES;
				CLANG_WARN_INT_CONVERSION = YES;
				CLANG_WARN_NON_LITERAL_NULL_CONVERSION = YES;
				CLANG_WARN_OBJC_IMPLICIT_RETAIN_SELF = YES;
				CLANG_WARN_OBJC_LITERAL_CONVERSION = YES;
				CLANG_WARN_OBJC_ROOT_CLASS = YES_ERROR;
				CLANG_WARN_RANGE_LOOP_ANALYSIS = YES;
				CLANG_WARN_STRICT_PROTOTYPES = YES;
				CLANG_WARN_SUSPICIOUS_MOVE = YES;
				CLANG_WARN_UNGUARDED_AVAILABILITY = YES_AGGRESSIVE;
				CLANG_WARN_UNREACHABLE_CODE = YES;
				CLANG_WARN__DUPLICATE_METHOD_MATCH = YES;
				CODE_SIGN_IDENTITY = "iPhone Developer";
				COPY_PHASE_STRIP = NO;
				DEBUG_INFORMATION_FORMAT = dwarf;
				ENABLE_STRICT_OBJC_MSGSEND = YES;
				ENABLE_TESTABILITY = YES;
				GCC_C_LANGUAGE_STANDARD = gnu11;
				GCC_DYNAMIC_NO_PIC = NO;
				GCC_NO_COMMON_BLOCKS = YES;
				GCC_OPTIMIZATION_LEVEL = 0;
				GCC_PREPROCESSOR_DEFINITIONS = (
					"DEBUG=1",
					"$(inherited)",
				);
				GCC_WARN_64_TO_32_BIT_CONVERSION = YES;
				GCC_WARN_ABOUT_RETURN_TYPE = YES_ERROR;
				GCC_WARN_UNDECLARED_SELECTOR = YES;
				GCC_WARN_UNINITIALIZED_AUTOS = YES_AGGRESSIVE;
				GCC_WARN_UNUSED_FUNCTION = YES;
				GCC_WARN_UNUSED_VARIABLE = YES;
				IPHONEOS_DEPLOYMENT_TARGET = 12.1;
				MTL_ENABLE_DEBUG_INFO = INCLUDE_SOURCE;
				MTL_FAST_MATH = YES;
				ONLY_ACTIVE_ARCH = YES;
				SDKROOT = iphoneos;
				SWIFT_ACTIVE_COMPILATION_CONDITIONS = DEBUG;
				SWIFT_OPTIMIZATION_LEVEL = "-Onone";
			};
			name = Debug;
		};
		38E4E91121B5FDEC006CC493 /* Release */ = {
			isa = XCBuildConfiguration;
			buildSettings = {
				ALWAYS_SEARCH_USER_PATHS = NO;
				CLANG_ANALYZER_NONNULL = YES;
				CLANG_ANALYZER_NUMBER_OBJECT_CONVERSION = YES_AGGRESSIVE;
				CLANG_CXX_LANGUAGE_STANDARD = "gnu++14";
				CLANG_CXX_LIBRARY = "libc++";
				CLANG_ENABLE_MODULES = YES;
				CLANG_ENABLE_OBJC_ARC = YES;
				CLANG_ENABLE_OBJC_WEAK = YES;
				CLANG_WARN_BLOCK_CAPTURE_AUTORELEASING = YES;
				CLANG_WARN_BOOL_CONVERSION = YES;
				CLANG_WARN_COMMA = YES;
				CLANG_WARN_CONSTANT_CONVERSION = YES;
				CLANG_WARN_DEPRECATED_OBJC_IMPLEMENTATIONS = YES;
				CLANG_WARN_DIRECT_OBJC_ISA_USAGE = YES_ERROR;
				CLANG_WARN_DOCUMENTATION_COMMENTS = YES;
				CLANG_WARN_EMPTY_BODY = YES;
				CLANG_WARN_ENUM_CONVERSION = YES;
				CLANG_WARN_INFINITE_RECURSION = YES;
				CLANG_WARN_INT_CONVERSION = YES;
				CLANG_WARN_NON_LITERAL_NULL_CONVERSION = YES;
				CLANG_WARN_OBJC_IMPLICIT_RETAIN_SELF = YES;
				CLANG_WARN_OBJC_LITERAL_CONVERSION = YES;
				CLANG_WARN_OBJC_ROOT_CLASS = YES_ERROR;
				CLANG_WARN_RANGE_LOOP_ANALYSIS = YES;
				CLANG_WARN_STRICT_PROTOTYPES = YES;
				CLANG_WARN_SUSPICIOUS_MOVE = YES;
				CLANG_WARN_UNGUARDED_AVAILABILITY = YES_AGGRESSIVE;
				CLANG_WARN_UNREACHABLE_CODE = YES;
				CLANG_WARN__DUPLICATE_METHOD_MATCH = YES;
				CODE_SIGN_IDENTITY = "iPhone Developer";
				COPY_PHASE_STRIP = NO;
				DEBUG_INFORMATION_FORMAT = "dwarf-with-dsym";
				ENABLE_NS_ASSERTIONS = NO;
				ENABLE_STRICT_OBJC_MSGSEND = YES;
				GCC_C_LANGUAGE_STANDARD = gnu11;
				GCC_NO_COMMON_BLOCKS = YES;
				GCC_WARN_64_TO_32_BIT_CONVERSION = YES;
				GCC_WARN_ABOUT_RETURN_TYPE = YES_ERROR;
				GCC_WARN_UNDECLARED_SELECTOR = YES;
				GCC_WARN_UNINITIALIZED_AUTOS = YES_AGGRESSIVE;
				GCC_WARN_UNUSED_FUNCTION = YES;
				GCC_WARN_UNUSED_VARIABLE = YES;
				IPHONEOS_DEPLOYMENT_TARGET = 12.1;
				MTL_ENABLE_DEBUG_INFO = NO;
				MTL_FAST_MATH = YES;
				SDKROOT = iphoneos;
				SWIFT_COMPILATION_MODE = wholemodule;
				SWIFT_OPTIMIZATION_LEVEL = "-O";
				VALIDATE_PRODUCT = YES;
			};
			name = Release;
		};
		38E4E91321B5FDEC006CC493 /* Debug */ = {
			isa = XCBuildConfiguration;
			buildSettings = {
				ASSETCATALOG_COMPILER_APPICON_NAME = AppIcon;
				CODE_SIGN_STYLE = Automatic;
				DEVELOPMENT_TEAM = 6EMVP83UP2;
				INFOPLIST_FILE = rappmovie/Info.plist;
				LD_RUNPATH_SEARCH_PATHS = (
					"$(inherited)",
					"@executable_path/Frameworks",
				);
				PRODUCT_BUNDLE_IDENTIFIER = com.baxLabs.rappmovie;
				PRODUCT_NAME = "$(TARGET_NAME)";
				SWIFT_VERSION = 4.2;
				TARGETED_DEVICE_FAMILY = "1,2";
			};
			name = Debug;
		};
		38E4E91421B5FDEC006CC493 /* Release */ = {
			isa = XCBuildConfiguration;
			buildSettings = {
				ASSETCATALOG_COMPILER_APPICON_NAME = AppIcon;
				CODE_SIGN_STYLE = Automatic;
				DEVELOPMENT_TEAM = 6EMVP83UP2;
				INFOPLIST_FILE = rappmovie/Info.plist;
				LD_RUNPATH_SEARCH_PATHS = (
					"$(inherited)",
					"@executable_path/Frameworks",
				);
				PRODUCT_BUNDLE_IDENTIFIER = com.baxLabs.rappmovie;
				PRODUCT_NAME = "$(TARGET_NAME)";
				SWIFT_VERSION = 4.2;
				TARGETED_DEVICE_FAMILY = "1,2";
			};
			name = Release;
		};
/* End XCBuildConfiguration section */

/* Begin XCConfigurationList section */
		38E4E8FB21B5FDEA006CC493 /* Build configuration list for PBXProject "rappmovie" */ = {
			isa = XCConfigurationList;
			buildConfigurations = (
				38E4E91021B5FDEC006CC493 /* Debug */,
				38E4E91121B5FDEC006CC493 /* Release */,
			);
			defaultConfigurationIsVisible = 0;
			defaultConfigurationName = Release;
		};
		38E4E91221B5FDEC006CC493 /* Build configuration list for PBXNativeTarget "rappmovie" */ = {
			isa = XCConfigurationList;
			buildConfigurations = (
				38E4E91321B5FDEC006CC493 /* Debug */,
				38E4E91421B5FDEC006CC493 /* Release */,
			);
			defaultConfigurationIsVisible = 0;
			defaultConfigurationName = Release;
		};
/* End XCConfigurationList section */
	};
	rootObject = 38E4E8F821B5FDEA006CC493 /* Project object */;
}
