// !$*UTF8*$!
{
	archiveVersion = 1;
	classes = {
	};
	objectVersion = 50;
	objects = {

/* Begin PBXBuildFile section */
		38E4E90421B5FDEA006CC493 /* AppDelegate.swift in Sources */ = {isa = PBXBuildFile; fileRef = 38E4E90321B5FDEA006CC493 /* AppDelegate.swift */; };
		38E4E90621B5FDEA006CC493 /* ViewController.swift in Sources */ = {isa = PBXBuildFile; fileRef = 38E4E90521B5FDEA006CC493 /* ViewController.swift */; };
		38E4E90921B5FDEA006CC493 /* Main.storyboard in Resources */ = {isa = PBXBuildFile; fileRef = 38E4E90721B5FDEA006CC493 /* Main.storyboard */; };
		38E4E90B21B5FDEC006CC493 /* Assets.xcassets in Resources */ = {isa = PBXBuildFile; fileRef = 38E4E90A21B5FDEC006CC493 /* Assets.xcassets */; };
		38E4E90E21B5FDEC006CC493 /* LaunchScreen.storyboard in Resources */ = {isa = PBXBuildFile; fileRef = 38E4E90C21B5FDEC006CC493 /* LaunchScreen.storyboard */; };
		38E4E91A21B5FF44006CC493 /* NetworkStore.swift in Sources */ = {isa = PBXBuildFile; fileRef = 38E4E91921B5FF44006CC493 /* NetworkStore.swift */; };
		38E4E91C21B5FF93006CC493 /* RouterRequest.swift in Sources */ = {isa = PBXBuildFile; fileRef = 38E4E91B21B5FF93006CC493 /* RouterRequest.swift */; };
		38E4E91E21B5FF9B006CC493 /* Router.swift in Sources */ = {isa = PBXBuildFile; fileRef = 38E4E91D21B5FF9B006CC493 /* Router.swift */; };
		38E4E92121B6002C006CC493 /* ResponseModel.swift in Sources */ = {isa = PBXBuildFile; fileRef = 38E4E92021B6002C006CC493 /* ResponseModel.swift */; };
		38E4E92321B60059006CC493 /* Model.swift in Sources */ = {isa = PBXBuildFile; fileRef = 38E4E92221B60059006CC493 /* Model.swift */; };
		38E4E92521B6015A006CC493 /* NetworkError.swift in Sources */ = {isa = PBXBuildFile; fileRef = 38E4E92421B6015A006CC493 /* NetworkError.swift */; };
		A26B21EBBFAC7BC52688C831 /* Pods_rappmovie.framework in Frameworks */ = {isa = PBXBuildFile; fileRef = E46CD9DCBB1E787F2352A210 /* Pods_rappmovie.framework */; };
/* End PBXBuildFile section */

/* Begin PBXFileReference section */
		1EE12B2FC22D87C7E4D573E2 /* Pods-rappmovie.release.xcconfig */ = {isa = PBXFileReference; includeInIndex = 1; lastKnownFileType = text.xcconfig; name = "Pods-rappmovie.release.xcconfig"; path = "Pods/Target Support Files/Pods-rappmovie/Pods-rappmovie.release.xcconfig"; sourceTree = "<group>"; };
		38E4E90021B5FDEA006CC493 /* rappmovie.app */ = {isa = PBXFileReference; explicitFileType = wrapper.application; includeInIndex = 0; path = rappmovie.app; sourceTree = BUILT_PRODUCTS_DIR; };
		38E4E90321B5FDEA006CC493 /* AppDelegate.swift */ = {isa = PBXFileReference; lastKnownFileType = sourcecode.swift; path = AppDelegate.swift; sourceTree = "<group>"; };
		38E4E90521B5FDEA006CC493 /* ViewController.swift */ = {isa = PBXFileReference; lastKnownFileType = sourcecode.swift; path = ViewController.swift; sourceTree = "<group>"; };
		38E4E90821B5FDEA006CC493 /* Base */ = {isa = PBXFileReference; lastKnownFileType = file.storyboard; name = Base; path = Base.lproj/Main.storyboard; sourceTree = "<group>"; };
		38E4E90A21B5FDEC006CC493 /* Assets.xcassets */ = {isa = PBXFileReference; lastKnownFileType = folder.assetcatalog; path = Assets.xcassets; sourceTree = "<group>"; };
		38E4E90D21B5FDEC006CC493 /* Base */ = {isa = PBXFileReference; lastKnownFileType = file.storyboard; name = Base; path = Base.lproj/LaunchScreen.storyboard; sourceTree = "<group>"; };
		38E4E90F21B5FDEC006CC493 /* Info.plist */ = {isa = PBXFileReference; lastKnownFileType = text.plist.xml; path = Info.plist; sourceTree = "<group>"; };
		38E4E91921B5FF44006CC493 /* NetworkStore.swift */ = {isa = PBXFileReference; lastKnownFileType = sourcecode.swift; path = NetworkStore.swift; sourceTree = "<group>"; };
		38E4E91B21B5FF93006CC493 /* RouterRequest.swift */ = {isa = PBXFileReference; lastKnownFileType = sourcecode.swift; path = RouterRequest.swift; sourceTree = "<group>"; };
		38E4E91D21B5FF9B006CC493 /* Router.swift */ = {isa = PBXFileReference; lastKnownFileType = sourcecode.swift; path = Router.swift; sourceTree = "<group>"; };
		38E4E92021B6002C006CC493 /* ResponseModel.swift */ = {isa = PBXFileReference; lastKnownFileType = sourcecode.swift; path = ResponseModel.swift; sourceTree = "<group>"; };
		38E4E92221B60059006CC493 /* Model.swift */ = {isa = PBXFileReference; lastKnownFileType = sourcecode.swift; path = Model.swift; sourceTree = "<group>"; };
		38E4E92421B6015A006CC493 /* NetworkError.swift */ = {isa = PBXFileReference; lastKnownFileType = sourcecode.swift; path = NetworkError.swift; sourceTree = "<group>"; };
		6F87BB268D66C5854E1C957D /* Pods-rappmovie.debug.xcconfig */ = {isa = PBXFileReference; includeInIndex = 1; lastKnownFileType = text.xcconfig; name = "Pods-rappmovie.debug.xcconfig"; path = "Pods/Target Support Files/Pods-rappmovie/Pods-rappmovie.debug.xcconfig"; sourceTree = "<group>"; };
		E46CD9DCBB1E787F2352A210 /* Pods_rappmovie.framework */ = {isa = PBXFileReference; explicitFileType = wrapper.framework; includeInIndex = 0; path = Pods_rappmovie.framework; sourceTree = BUILT_PRODUCTS_DIR; };
/* End PBXFileReference section */

/* Begin PBXFrameworksBuildPhase section */
		38E4E8FD21B5FDEA006CC493 /* Frameworks */ = {
			isa = PBXFrameworksBuildPhase;
			buildActionMask = 2147483647;
			files = (
				A26B21EBBFAC7BC52688C831 /* Pods_rappmovie.framework in Frameworks */,
			);
			runOnlyForDeploymentPostprocessing = 0;
		};
/* End PBXFrameworksBuildPhase section */

/* Begin PBXGroup section */
		38E4E8F721B5FDEA006CC493 = {
			isa = PBXGroup;
			children = (
				38E4E90221B5FDEA006CC493 /* rappmovie */,
				38E4E90121B5FDEA006CC493 /* Products */,
				A879EE833BDCC2F21C53A126 /* Pods */,
				C291DE8B6A186EA888DEC29C /* Frameworks */,
			);
			sourceTree = "<group>";
		};
		38E4E90121B5FDEA006CC493 /* Products */ = {
			isa = PBXGroup;
			children = (
				38E4E90021B5FDEA006CC493 /* rappmovie.app */,
			);
			name = Products;
			sourceTree = "<group>";
		};
		38E4E90221B5FDEA006CC493 /* rappmovie */ = {
			isa = PBXGroup;
			children = (
				38E4E91821B5FF23006CC493 /* ViewControllers */,
				38E4E91721B5FF13006CC493 /* Models */,
				38E4E91621B5FF0C006CC493 /* CoreData */,
				38E4E91521B5FF02006CC493 /* Network */,
				38E4E90321B5FDEA006CC493 /* AppDelegate.swift */,
				38E4E90521B5FDEA006CC493 /* ViewController.swift */,
				38E4E90721B5FDEA006CC493 /* Main.storyboard */,
				38E4E90A21B5FDEC006CC493 /* Assets.xcassets */,
				38E4E90C21B5FDEC006CC493 /* LaunchScreen.storyboard */,
				38E4E90F21B5FDEC006CC493 /* Info.plist */,
			);
			path = rappmovie;
			sourceTree = "<group>";
		};
		38E4E91521B5FF02006CC493 /* Network */ = {
			isa = PBXGroup;
			children = (
				38E4E91921B5FF44006CC493 /* NetworkStore.swift */,
				38E4E91B21B5FF93006CC493 /* RouterRequest.swift */,
				38E4E91D21B5FF9B006CC493 /* Router.swift */,
			);
			path = Network;
			sourceTree = "<group>";
		};
		38E4E91621B5FF0C006CC493 /* CoreData */ = {
			isa = PBXGroup;
			children = (
			);
			path = CoreData;
			sourceTree = "<group>";
		};
		38E4E91721B5FF13006CC493 /* Models */ = {
			isa = PBXGroup;
			children = (
				38E4E91F21B6001B006CC493 /* Responses */,
				38E4E92221B60059006CC493 /* Model.swift */,
			);
			path = Models;
			sourceTree = "<group>";
		};
		38E4E91821B5FF23006CC493 /* ViewControllers */ = {
			isa = PBXGroup;
			children = (
			);
			path = ViewControllers;
			sourceTree = "<group>";
		};
		38E4E91F21B6001B006CC493 /* Responses */ = {
			isa = PBXGroup;
			children = (
				38E4E92021B6002C006CC493 /* ResponseModel.swift */,
				38E4E92421B6015A006CC493 /* NetworkError.swift */,
			);
			path = Responses;
			sourceTree = "<group>";
		};
		A879EE833BDCC2F21C53A126 /* Pods */ = {
			isa = PBXGroup;
			children = (
				6F87BB268D66C5854E1C957D /* Pods-rappmovie.debug.xcconfig */,
				1EE12B2FC22D87C7E4D573E2 /* Pods-rappmovie.release.xcconfig */,
			);
			name = Pods;
			sourceTree = "<group>";
		};
		C291DE8B6A186EA888DEC29C /* Frameworks */ = {
			isa = PBXGroup;
			children = (
				E46CD9DCBB1E787F2352A210 /* Pods_rappmovie.framework */,
			);
			name = Frameworks;
			sourceTree = "<group>";
		};
/* End PBXGroup section */

/* Begin PBXNativeTarget section */
		38E4E8FF21B5FDEA006CC493 /* rappmovie */ = {
			isa = PBXNativeTarget;
			buildConfigurationList = 38E4E91221B5FDEC006CC493 /* Build configuration list for PBXNativeTarget "rappmovie" */;
			buildPhases = (
				58BB87D4B92EB650C5225171 /* [CP] Check Pods Manifest.lock */,
				38E4E8FC21B5FDEA006CC493 /* Sources */,
				38E4E8FD21B5FDEA006CC493 /* Frameworks */,
				38E4E8FE21B5FDEA006CC493 /* Resources */,
				110B16F5F96A7ECC233F8442 /* [CP] Embed Pods Frameworks */,
			);
			buildRules = (
			);
			dependencies = (
			);
			name = rappmovie;
			productName = rappmovie;
			productReference = 38E4E90021B5FDEA006CC493 /* rappmovie.app */;
			productType = "com.apple.product-type.application";
		};
/* End PBXNativeTarget section */

/* Begin PBXProject section */
		38E4E8F821B5FDEA006CC493 /* Project object */ = {
			isa = PBXProject;
			attributes = {
				LastSwiftUpdateCheck = 1010;
				LastUpgradeCheck = 1010;
				ORGANIZATIONNAME = BaxLabs;
				TargetAttributes = {
					38E4E8FF21B5FDEA006CC493 = {
						CreatedOnToolsVersion = 10.1;
					};
				};
			};
			buildConfigurationList = 38E4E8FB21B5FDEA006CC493 /* Build configuration list for PBXProject "rappmovie" */;
			compatibilityVersion = "Xcode 9.3";
			developmentRegion = en;
			hasScannedForEncodings = 0;
			knownRegions = (
				en,
				Base,
			);
			mainGroup = 38E4E8F721B5FDEA006CC493;
			productRefGroup = 38E4E90121B5FDEA006CC493 /* Products */;
			projectDirPath = "";
			projectRoot = "";
			targets = (
				38E4E8FF21B5FDEA006CC493 /* rappmovie */,
			);
		};
/* End PBXProject section */

/* Begin PBXResourcesBuildPhase section */
		38E4E8FE21B5FDEA006CC493 /* Resources */ = {
			isa = PBXResourcesBuildPhase;
			buildActionMask = 2147483647;
			files = (
				38E4E90E21B5FDEC006CC493 /* LaunchScreen.storyboard in Resources */,
				38E4E90B21B5FDEC006CC493 /* Assets.xcassets in Resources */,
				38E4E90921B5FDEA006CC493 /* Main.storyboard in Resources */,
			);
			runOnlyForDeploymentPostprocessing = 0;
		};
/* End PBXResourcesBuildPhase section */

/* Begin PBXShellScriptBuildPhase section */
		110B16F5F96A7ECC233F8442 /* [CP] Embed Pods Frameworks */ = {
			isa = PBXShellScriptBuildPhase;
			buildActionMask = 2147483647;
			files = (
			);
			inputPaths = (
				"${SRCROOT}/Pods/Target Support Files/Pods-rappmovie/Pods-rappmovie-frameworks.sh",
				"${BUILT_PRODUCTS_DIR}/Alamofire/Alamofire.framework",
				"${BUILT_PRODUCTS_DIR}/RxAtomic/RxAtomic.framework",
				"${BUILT_PRODUCTS_DIR}/RxSwift/RxSwift.framework",
				"${BUILT_PRODUCTS_DIR}/SwiftyJSON/SwiftyJSON.framework",
			);
			name = "[CP] Embed Pods Frameworks";
			outputPaths = (
				"${TARGET_BUILD_DIR}/${FRAMEWORKS_FOLDER_PATH}/Alamofire.framework",
				"${TARGET_BUILD_DIR}/${FRAMEWORKS_FOLDER_PATH}/RxAtomic.framework",
				"${TARGET_BUILD_DIR}/${FRAMEWORKS_FOLDER_PATH}/RxSwift.framework",
				"${TARGET_BUILD_DIR}/${FRAMEWORKS_FOLDER_PATH}/SwiftyJSON.framework",
			);
			runOnlyForDeploymentPostprocessing = 0;
			shellPath = /bin/sh;
			shellScript = "\"${SRCROOT}/Pods/Target Support Files/Pods-rappmovie/Pods-rappmovie-frameworks.sh\"\n";
			showEnvVarsInLog = 0;
		};
		58BB87D4B92EB650C5225171 /* [CP] Check Pods Manifest.lock */ = {
			isa = PBXShellScriptBuildPhase;
			buildActionMask = 2147483647;
			files = (
			);
			inputPaths = (
				"${PODS_PODFILE_DIR_PATH}/Podfile.lock",
				"${PODS_ROOT}/Manifest.lock",
			);
			name = "[CP] Check Pods Manifest.lock";
			outputPaths = (
				"$(DERIVED_FILE_DIR)/Pods-rappmovie-checkManifestLockResult.txt",
			);
			runOnlyForDeploymentPostprocessing = 0;
			shellPath = /bin/sh;
			shellScript = "diff \"${PODS_PODFILE_DIR_PATH}/Podfile.lock\" \"${PODS_ROOT}/Manifest.lock\" > /dev/null\nif [ $? != 0 ] ; then\n    # print error to STDERR\n    echo \"error: The sandbox is not in sync with the Podfile.lock. Run 'pod install' or update your CocoaPods installation.\" >&2\n    exit 1\nfi\n# This output is used by Xcode 'outputs' to avoid re-running this script phase.\necho \"SUCCESS\" > \"${SCRIPT_OUTPUT_FILE_0}\"\n";
			showEnvVarsInLog = 0;
		};
/* End PBXShellScriptBuildPhase section */

/* Begin PBXSourcesBuildPhase section */
		38E4E8FC21B5FDEA006CC493 /* Sources */ = {
			isa = PBXSourcesBuildPhase;
			buildActionMask = 2147483647;
			files = (
				38E4E92321B60059006CC493 /* Model.swift in Sources */,
				38E4E92521B6015A006CC493 /* NetworkError.swift in Sources */,
				38E4E91C21B5FF93006CC493 /* RouterRequest.swift in Sources */,
				38E4E90621B5FDEA006CC493 /* ViewController.swift in Sources */,
				38E4E91E21B5FF9B006CC493 /* Router.swift in Sources */,
				38E4E90421B5FDEA006CC493 /* AppDelegate.swift in Sources */,
				38E4E92121B6002C006CC493 /* ResponseModel.swift in Sources */,
				38E4E91A21B5FF44006CC493 /* NetworkStore.swift in Sources */,
			);
			runOnlyForDeploymentPostprocessing = 0;
		};
/* End PBXSourcesBuildPhase section */

/* Begin PBXVariantGroup section */
		38E4E90721B5FDEA006CC493 /* Main.storyboard */ = {
			isa = PBXVariantGroup;
			children = (
				38E4E90821B5FDEA006CC493 /* Base */,
			);
			name = Main.storyboard;
			sourceTree = "<group>";
		};
		38E4E90C21B5FDEC006CC493 /* LaunchScreen.storyboard */ = {
			isa = PBXVariantGroup;
			children = (
				38E4E90D21B5FDEC006CC493 /* Base */,
			);
			name = LaunchScreen.storyboard;
			sourceTree = "<group>";
		};
/* End PBXVariantGroup section */

/* Begin XCBuildConfiguration section */
		38E4E91021B5FDEC006CC493 /* Debug */ = {
			isa = XCBuildConfiguration;
			buildSettings = {
				ALWAYS_SEARCH_USER_PATHS = NO;
				CLANG_ANALYZER_NONNULL = YES;
				CLANG_ANALYZER_NUMBER_OBJECT_CONVERSION = YES_AGGRESSIVE;
				CLANG_CXX_LANGUAGE_STANDARD = "gnu++14";
				CLANG_CXX_LIBRARY = "libc++";
				CLANG_ENABLE_MODULES = YES;
				CLANG_ENABLE_OBJC_ARC = YES;
				CLANG_ENABLE_OBJC_WEAK = YES;
				CLANG_WARN_BLOCK_CAPTURE_AUTORELEASING = YES;
				CLANG_WARN_BOOL_CONVERSION = YES;
				CLANG_WARN_COMMA = YES;
				CLANG_WARN_CONSTANT_CONVERSION = YES;
				CLANG_WARN_DEPRECATED_OBJC_IMPLEMENTATIONS = YES;
				CLANG_WARN_DIRECT_OBJC_ISA_USAGE = YES_ERROR;
				CLANG_WARN_DOCUMENTATION_COMMENTS = YES;
				CLANG_WARN_EMPTY_BODY = YES;
				CLANG_WARN_ENUM_CONVERSION = YES;
				CLANG_WARN_INFINITE_RECURSION = YES;
				CLANG_WARN_INT_CONVERSION = YES;
				CLANG_WARN_NON_LITERAL_NULL_CONVERSION = YES;
				CLANG_WARN_OBJC_IMPLICIT_RETAIN_SELF = YES;
				CLANG_WARN_OBJC_LITERAL_CONVERSION = YES;
				CLANG_WARN_OBJC_ROOT_CLASS = YES_ERROR;
				CLANG_WARN_RANGE_LOOP_ANALYSIS = YES;
				CLANG_WARN_STRICT_PROTOTYPES = YES;
				CLANG_WARN_SUSPICIOUS_MOVE = YES;
				CLANG_WARN_UNGUARDED_AVAILABILITY = YES_AGGRESSIVE;
				CLANG_WARN_UNREACHABLE_CODE = YES;
				CLANG_WARN__DUPLICATE_METHOD_MATCH = YES;
				CODE_SIGN_IDENTITY = "iPhone Developer";
				COPY_PHASE_STRIP = NO;
				DEBUG_INFORMATION_FORMAT = dwarf;
				ENABLE_STRICT_OBJC_MSGSEND = YES;
				ENABLE_TESTABILITY = YES;
				GCC_C_LANGUAGE_STANDARD = gnu11;
				GCC_DYNAMIC_NO_PIC = NO;
				GCC_NO_COMMON_BLOCKS = YES;
				GCC_OPTIMIZATION_LEVEL = 0;
				GCC_PREPROCESSOR_DEFINITIONS = (
					"DEBUG=1",
					"$(inherited)",
				);
				GCC_WARN_64_TO_32_BIT_CONVERSION = YES;
				GCC_WARN_ABOUT_RETURN_TYPE = YES_ERROR;
				GCC_WARN_UNDECLARED_SELECTOR = YES;
				GCC_WARN_UNINITIALIZED_AUTOS = YES_AGGRESSIVE;
				GCC_WARN_UNUSED_FUNCTION = YES;
				GCC_WARN_UNUSED_VARIABLE = YES;
				IPHONEOS_DEPLOYMENT_TARGET = 12.1;
				MTL_ENABLE_DEBUG_INFO = INCLUDE_SOURCE;
				MTL_FAST_MATH = YES;
				ONLY_ACTIVE_ARCH = YES;
				SDKROOT = iphoneos;
				SWIFT_ACTIVE_COMPILATION_CONDITIONS = DEBUG;
				SWIFT_OPTIMIZATION_LEVEL = "-Onone";
			};
			name = Debug;
		};
		38E4E91121B5FDEC006CC493 /* Release */ = {
			isa = XCBuildConfiguration;
			buildSettings = {
				ALWAYS_SEARCH_USER_PATHS = NO;
				CLANG_ANALYZER_NONNULL = YES;
				CLANG_ANALYZER_NUMBER_OBJECT_CONVERSION = YES_AGGRESSIVE;
				CLANG_CXX_LANGUAGE_STANDARD = "gnu++14";
				CLANG_CXX_LIBRARY = "libc++";
				CLANG_ENABLE_MODULES = YES;
				CLANG_ENABLE_OBJC_ARC = YES;
				CLANG_ENABLE_OBJC_WEAK = YES;
				CLANG_WARN_BLOCK_CAPTURE_AUTORELEASING = YES;
				CLANG_WARN_BOOL_CONVERSION = YES;
				CLANG_WARN_COMMA = YES;
				CLANG_WARN_CONSTANT_CONVERSION = YES;
				CLANG_WARN_DEPRECATED_OBJC_IMPLEMENTATIONS = YES;
				CLANG_WARN_DIRECT_OBJC_ISA_USAGE = YES_ERROR;
				CLANG_WARN_DOCUMENTATION_COMMENTS = YES;
				CLANG_WARN_EMPTY_BODY = YES;
				CLANG_WARN_ENUM_CONVERSION = YES;
				CLANG_WARN_INFINITE_RECURSION = YES;
				CLANG_WARN_INT_CONVERSION = YES;
				CLANG_WARN_NON_LITERAL_NULL_CONVERSION = YES;
				CLANG_WARN_OBJC_IMPLICIT_RETAIN_SELF = YES;
				CLANG_WARN_OBJC_LITERAL_CONVERSION = YES;
				CLANG_WARN_OBJC_ROOT_CLASS = YES_ERROR;
				CLANG_WARN_RANGE_LOOP_ANALYSIS = YES;
				CLANG_WARN_STRICT_PROTOTYPES = YES;
				CLANG_WARN_SUSPICIOUS_MOVE = YES;
				CLANG_WARN_UNGUARDED_AVAILABILITY = YES_AGGRESSIVE;
				CLANG_WARN_UNREACHABLE_CODE = YES;
				CLANG_WARN__DUPLICATE_METHOD_MATCH = YES;
				CODE_SIGN_IDENTITY = "iPhone Developer";
				COPY_PHASE_STRIP = NO;
				DEBUG_INFORMATION_FORMAT = "dwarf-with-dsym";
				ENABLE_NS_ASSERTIONS = NO;
				ENABLE_STRICT_OBJC_MSGSEND = YES;
				GCC_C_LANGUAGE_STANDARD = gnu11;
				GCC_NO_COMMON_BLOCKS = YES;
				GCC_WARN_64_TO_32_BIT_CONVERSION = YES;
				GCC_WARN_ABOUT_RETURN_TYPE = YES_ERROR;
				GCC_WARN_UNDECLARED_SELECTOR = YES;
				GCC_WARN_UNINITIALIZED_AUTOS = YES_AGGRESSIVE;
				GCC_WARN_UNUSED_FUNCTION = YES;
				GCC_WARN_UNUSED_VARIABLE = YES;
				IPHONEOS_DEPLOYMENT_TARGET = 12.1;
				MTL_ENABLE_DEBUG_INFO = NO;
				MTL_FAST_MATH = YES;
				SDKROOT = iphoneos;
				SWIFT_COMPILATION_MODE = wholemodule;
				SWIFT_OPTIMIZATION_LEVEL = "-O";
				VALIDATE_PRODUCT = YES;
			};
			name = Release;
		};
		38E4E91321B5FDEC006CC493 /* Debug */ = {
			isa = XCBuildConfiguration;
			baseConfigurationReference = 6F87BB268D66C5854E1C957D /* Pods-rappmovie.debug.xcconfig */;
			buildSettings = {
				ASSETCATALOG_COMPILER_APPICON_NAME = AppIcon;
				CODE_SIGN_STYLE = Automatic;
				DEVELOPMENT_TEAM = 6EMVP83UP2;
				INFOPLIST_FILE = rappmovie/Info.plist;
				LD_RUNPATH_SEARCH_PATHS = (
					"$(inherited)",
					"@executable_path/Frameworks",
				);
				PRODUCT_BUNDLE_IDENTIFIER = com.baxLabs.rappmovie;
				PRODUCT_NAME = "$(TARGET_NAME)";
				SWIFT_VERSION = 4.2;
				TARGETED_DEVICE_FAMILY = "1,2";
			};
			name = Debug;
		};
		38E4E91421B5FDEC006CC493 /* Release */ = {
			isa = XCBuildConfiguration;
			baseConfigurationReference = 1EE12B2FC22D87C7E4D573E2 /* Pods-rappmovie.release.xcconfig */;
			buildSettings = {
				ASSETCATALOG_COMPILER_APPICON_NAME = AppIcon;
				CODE_SIGN_STYLE = Automatic;
				DEVELOPMENT_TEAM = 6EMVP83UP2;
				INFOPLIST_FILE = rappmovie/Info.plist;
				LD_RUNPATH_SEARCH_PATHS = (
					"$(inherited)",
					"@executable_path/Frameworks",
				);
				PRODUCT_BUNDLE_IDENTIFIER = com.baxLabs.rappmovie;
				PRODUCT_NAME = "$(TARGET_NAME)";
				SWIFT_VERSION = 4.2;
				TARGETED_DEVICE_FAMILY = "1,2";
			};
			name = Release;
		};
/* End XCBuildConfiguration section */

/* Begin XCConfigurationList section */
		38E4E8FB21B5FDEA006CC493 /* Build configuration list for PBXProject "rappmovie" */ = {
			isa = XCConfigurationList;
			buildConfigurations = (
				38E4E91021B5FDEC006CC493 /* Debug */,
				38E4E91121B5FDEC006CC493 /* Release */,
			);
			defaultConfigurationIsVisible = 0;
			defaultConfigurationName = Release;
		};
		38E4E91221B5FDEC006CC493 /* Build configuration list for PBXNativeTarget "rappmovie" */ = {
			isa = XCConfigurationList;
			buildConfigurations = (
				38E4E91321B5FDEC006CC493 /* Debug */,
				38E4E91421B5FDEC006CC493 /* Release */,
			);
			defaultConfigurationIsVisible = 0;
			defaultConfigurationName = Release;
		};
/* End XCConfigurationList section */
	};
	rootObject = 38E4E8F821B5FDEA006CC493 /* Project object */;
}
