// !$*UTF8*$!
{
	archiveVersion = 1;
	classes = {
	};
	objectVersion = 50;
	objects = {

/* Begin PBXBuildFile section */
		38392DBB21B8237D00634C94 /* Genre.swift in Sources */ = {isa = PBXBuildFile; fileRef = 38392DBA21B8237D00634C94 /* Genre.swift */; };
		38392DBD21B8245500634C94 /* ListOfGenres.swift in Sources */ = {isa = PBXBuildFile; fileRef = 38392DBC21B8245500634C94 /* ListOfGenres.swift */; };
		38392DC121B8427D00634C94 /* GenresCarrouselCell.swift in Sources */ = {isa = PBXBuildFile; fileRef = 38392DC021B8427D00634C94 /* GenresCarrouselCell.swift */; };
		38392DC321B8428B00634C94 /* GenresCarrouselRow.swift in Sources */ = {isa = PBXBuildFile; fileRef = 38392DC221B8428B00634C94 /* GenresCarrouselRow.swift */; };
		38392DC521B842A200634C94 /* GenresCarrouselCell.xib in Resources */ = {isa = PBXBuildFile; fileRef = 38392DC421B842A200634C94 /* GenresCarrouselCell.xib */; };
		38392DC721B842E100634C94 /* MediaCarrouselCell.xib in Resources */ = {isa = PBXBuildFile; fileRef = 38392DC621B842E100634C94 /* MediaCarrouselCell.xib */; };
		38392DC921B842EB00634C94 /* MediaCarrouselCell.swift in Sources */ = {isa = PBXBuildFile; fileRef = 38392DC821B842EB00634C94 /* MediaCarrouselCell.swift */; };
		38392DCB21B842F200634C94 /* MediaCarrouselRow.swift in Sources */ = {isa = PBXBuildFile; fileRef = 38392DCA21B842F200634C94 /* MediaCarrouselRow.swift */; };
		38392DCD21B868A600634C94 /* GenreCollectionCell.swift in Sources */ = {isa = PBXBuildFile; fileRef = 38392DCC21B868A600634C94 /* GenreCollectionCell.swift */; };
		38392DCF21B868B200634C94 /* GenreCollectionCell.xib in Resources */ = {isa = PBXBuildFile; fileRef = 38392DCE21B868B200634C94 /* GenreCollectionCell.xib */; };
		38392DD121B868C700634C94 /* MediaCollectionCell.swift in Sources */ = {isa = PBXBuildFile; fileRef = 38392DD021B868C700634C94 /* MediaCollectionCell.swift */; };
		38392DD321B868E000634C94 /* MediaCollectionCell.xib in Resources */ = {isa = PBXBuildFile; fileRef = 38392DD221B868E000634C94 /* MediaCollectionCell.xib */; };
		38392DD621B872F000634C94 /* CarrouselCell.swift in Sources */ = {isa = PBXBuildFile; fileRef = 38392DD521B872F000634C94 /* CarrouselCell.swift */; };
		38392DD821B878DA00634C94 /* MediaSection.swift in Sources */ = {isa = PBXBuildFile; fileRef = 38392DD721B878DA00634C94 /* MediaSection.swift */; };
		38392DDA21B8818000634C94 /* ListOfVideos.swift in Sources */ = {isa = PBXBuildFile; fileRef = 38392DD921B8818000634C94 /* ListOfVideos.swift */; };
		38392DDC21B881E500634C94 /* Video.swift in Sources */ = {isa = PBXBuildFile; fileRef = 38392DDB21B881E500634C94 /* Video.swift */; };
		38392DDE21B889E500634C94 /* HomeResponse.swift in Sources */ = {isa = PBXBuildFile; fileRef = 38392DDD21B889E500634C94 /* HomeResponse.swift */; };
		38392DE121B8B26C00634C94 /* MediaViewController.swift in Sources */ = {isa = PBXBuildFile; fileRef = 38392DE021B8B26C00634C94 /* MediaViewController.swift */; };
		38392DE321B8B27600634C94 /* MediaViewController.xib in Resources */ = {isa = PBXBuildFile; fileRef = 38392DE221B8B27600634C94 /* MediaViewController.xib */; };
		38392DE521B8B2C300634C94 /* MediaViewModel.swift in Sources */ = {isa = PBXBuildFile; fileRef = 38392DE421B8B2C300634C94 /* MediaViewModel.swift */; };
		38392DE721B8C69200634C94 /* StateViewModel.swift in Sources */ = {isa = PBXBuildFile; fileRef = 38392DE621B8C69200634C94 /* StateViewModel.swift */; };
		38392DEA21B8C81200634C94 /* MediaDetailsSection.swift in Sources */ = {isa = PBXBuildFile; fileRef = 38392DE921B8C81200634C94 /* MediaDetailsSection.swift */; };
		38392DEF21B953C400634C94 /* MediaHeaderCell.swift in Sources */ = {isa = PBXBuildFile; fileRef = 38392DEE21B953C400634C94 /* MediaHeaderCell.swift */; };
		38392DF121B953CB00634C94 /* MediaHeaderCell.xib in Resources */ = {isa = PBXBuildFile; fileRef = 38392DF021B953CB00634C94 /* MediaHeaderCell.xib */; };
		38392DF321B953DB00634C94 /* MediaHeaderRow.swift in Sources */ = {isa = PBXBuildFile; fileRef = 38392DF221B953DB00634C94 /* MediaHeaderRow.swift */; };
		38392DF521B953EC00634C94 /* MediaOverviewRow.swift in Sources */ = {isa = PBXBuildFile; fileRef = 38392DF421B953EC00634C94 /* MediaOverviewRow.swift */; };
		38392DF921B953FE00634C94 /* MediaOverviewCell.xib in Resources */ = {isa = PBXBuildFile; fileRef = 38392DF821B953FE00634C94 /* MediaOverviewCell.xib */; };
		38392DFB21B9EEAA00634C94 /* MediaOverviewCell.swift in Sources */ = {isa = PBXBuildFile; fileRef = 38392DFA21B9EEAA00634C94 /* MediaOverviewCell.swift */; };
		38392DFE21B9EF2A00634C94 /* DateUtils.swift in Sources */ = {isa = PBXBuildFile; fileRef = 38392DFD21B9EF2A00634C94 /* DateUtils.swift */; };
		38392E0021B9F9F400634C94 /* MediaVideoCell.swift in Sources */ = {isa = PBXBuildFile; fileRef = 38392DFF21B9F9F400634C94 /* MediaVideoCell.swift */; };
		38392E0221B9F9FB00634C94 /* MediaVideoRow.swift in Sources */ = {isa = PBXBuildFile; fileRef = 38392E0121B9F9FB00634C94 /* MediaVideoRow.swift */; };
		38392E0421B9FA0900634C94 /* MediaVideoCell.xib in Resources */ = {isa = PBXBuildFile; fileRef = 38392E0321B9FA0900634C94 /* MediaVideoCell.xib */; };
		38392E0621BA09F500634C94 /* Styler.swift in Sources */ = {isa = PBXBuildFile; fileRef = 38392E0521BA09F500634C94 /* Styler.swift */; };
		38392E0821BA0BB700634C94 /* GradientView.swift in Sources */ = {isa = PBXBuildFile; fileRef = 38392E0721BA0BB700634C94 /* GradientView.swift */; };
		38392E0B21BA12AB00634C94 /* SearchViewController.swift in Sources */ = {isa = PBXBuildFile; fileRef = 38392E0A21BA12AB00634C94 /* SearchViewController.swift */; };
		38392E0D21BA12B800634C94 /* SearchViewController.xib in Resources */ = {isa = PBXBuildFile; fileRef = 38392E0C21BA12B800634C94 /* SearchViewController.xib */; };
		38392E0F21BA12C700634C94 /* SearchViewModel.swift in Sources */ = {isa = PBXBuildFile; fileRef = 38392E0E21BA12C700634C94 /* SearchViewModel.swift */; };
		38392E1121BAA69C00634C94 /* SearchResponse.swift in Sources */ = {isa = PBXBuildFile; fileRef = 38392E1021BAA69C00634C94 /* SearchResponse.swift */; };
		38392E1321BAACA800634C94 /* CollectionViewController.swift in Sources */ = {isa = PBXBuildFile; fileRef = 38392E1221BAACA800634C94 /* CollectionViewController.swift */; };
		38392E1521BAAF7200634C94 /* SearchResultsSection.swift in Sources */ = {isa = PBXBuildFile; fileRef = 38392E1421BAAF7200634C94 /* SearchResultsSection.swift */; };
		38392E1821BAAFB600634C94 /* MediaRow.swift in Sources */ = {isa = PBXBuildFile; fileRef = 38392E1721BAAFB600634C94 /* MediaRow.swift */; };
		386D9FFA21BB30AF004985F2 /* UIView+Extensions.swift in Sources */ = {isa = PBXBuildFile; fileRef = 386D9FF921BB30AF004985F2 /* UIView+Extensions.swift */; };
		386D9FFE21BB34E3004985F2 /* LoadingCollectionCell.swift in Sources */ = {isa = PBXBuildFile; fileRef = 386D9FFD21BB34E3004985F2 /* LoadingCollectionCell.swift */; };
		386DA00121BB350A004985F2 /* LoadingCollectionRow.swift in Sources */ = {isa = PBXBuildFile; fileRef = 386DA00021BB350A004985F2 /* LoadingCollectionRow.swift */; };
		386DA00321BB3C49004985F2 /* LoadingCollectionCell.xib in Resources */ = {isa = PBXBuildFile; fileRef = 386DA00221BB3C49004985F2 /* LoadingCollectionCell.xib */; };
		386DA00521BC226E004985F2 /* YouTubeView.swift in Sources */ = {isa = PBXBuildFile; fileRef = 386DA00421BC226E004985F2 /* YouTubeView.swift */; };
		386DA00821BC22CB004985F2 /* YouTubeView.xib in Resources */ = {isa = PBXBuildFile; fileRef = 386DA00721BC22CB004985F2 /* YouTubeView.xib */; };
		386DA00B21BC314D004985F2 /* MediaVideosSection.swift in Sources */ = {isa = PBXBuildFile; fileRef = 386DA00A21BC314D004985F2 /* MediaVideosSection.swift */; };
		386DA00E21BC4549004985F2 /* VideoViewController.swift in Sources */ = {isa = PBXBuildFile; fileRef = 386DA00D21BC4549004985F2 /* VideoViewController.swift */; };
		386DA01021BC45B7004985F2 /* VideoViewController.xib in Resources */ = {isa = PBXBuildFile; fileRef = 386DA00F21BC45B7004985F2 /* VideoViewController.xib */; };
		386DA01221BC5653004985F2 /* Comparables.swift in Sources */ = {isa = PBXBuildFile; fileRef = 386DA01121BC5653004985F2 /* Comparables.swift */; };
		386DA01521BD5298004985F2 /* HomeHeaderCell.swift in Sources */ = {isa = PBXBuildFile; fileRef = 386DA01421BD5298004985F2 /* HomeHeaderCell.swift */; };
		386DA01721BD52F8004985F2 /* HomeHeaderRow.swift in Sources */ = {isa = PBXBuildFile; fileRef = 386DA01621BD52F8004985F2 /* HomeHeaderRow.swift */; };
		386DA01921BD5365004985F2 /* HomeHeaderCell.xib in Resources */ = {isa = PBXBuildFile; fileRef = 386DA01821BD5365004985F2 /* HomeHeaderCell.xib */; };
		386DA01D21BD5B81004985F2 /* GrowthFadePresentationController.swift in Sources */ = {isa = PBXBuildFile; fileRef = 386DA01C21BD5B81004985F2 /* GrowthFadePresentationController.swift */; };
		386DA02021BD5B9D004985F2 /* GrowthFadeAnimationController.swift in Sources */ = {isa = PBXBuildFile; fileRef = 386DA01F21BD5B9D004985F2 /* GrowthFadeAnimationController.swift */; };
		386DA02221BD5BB5004985F2 /* GrowthFadeDismissAnimationController.swift in Sources */ = {isa = PBXBuildFile; fileRef = 386DA02121BD5BB5004985F2 /* GrowthFadeDismissAnimationController.swift */; };
		38CB09AB21B7449B0023514B /* Media.swift in Sources */ = {isa = PBXBuildFile; fileRef = 38CB09AA21B7449B0023514B /* Media.swift */; };
		38CB09AD21B74AF50023514B /* APIStore.swift in Sources */ = {isa = PBXBuildFile; fileRef = 38CB09AC21B74AF50023514B /* APIStore.swift */; };
		38CB09AF21B75A310023514B /* ListOfMovies.swift in Sources */ = {isa = PBXBuildFile; fileRef = 38CB09AE21B75A310023514B /* ListOfMovies.swift */; };
		38CB09B121B75A400023514B /* ListOfTVShows.swift in Sources */ = {isa = PBXBuildFile; fileRef = 38CB09B021B75A400023514B /* ListOfTVShows.swift */; };
		38CB09B321B76E490023514B /* HomeViewModel.swift in Sources */ = {isa = PBXBuildFile; fileRef = 38CB09B221B76E490023514B /* HomeViewModel.swift */; };
		38CB09B521B76E540023514B /* HomeViewController.xib in Resources */ = {isa = PBXBuildFile; fileRef = 38CB09B421B76E540023514B /* HomeViewController.xib */; };
		38E4E90421B5FDEA006CC493 /* AppDelegate.swift in Sources */ = {isa = PBXBuildFile; fileRef = 38E4E90321B5FDEA006CC493 /* AppDelegate.swift */; };
		38E4E90621B5FDEA006CC493 /* ViewController.swift in Sources */ = {isa = PBXBuildFile; fileRef = 38E4E90521B5FDEA006CC493 /* ViewController.swift */; };
		38E4E90B21B5FDEC006CC493 /* Assets.xcassets in Resources */ = {isa = PBXBuildFile; fileRef = 38E4E90A21B5FDEC006CC493 /* Assets.xcassets */; };
		38E4E90E21B5FDEC006CC493 /* LaunchScreen.storyboard in Resources */ = {isa = PBXBuildFile; fileRef = 38E4E90C21B5FDEC006CC493 /* LaunchScreen.storyboard */; };
		38E4E91A21B5FF44006CC493 /* NetworkStore.swift in Sources */ = {isa = PBXBuildFile; fileRef = 38E4E91921B5FF44006CC493 /* NetworkStore.swift */; };
		38E4E91C21B5FF93006CC493 /* RouterRequest.swift in Sources */ = {isa = PBXBuildFile; fileRef = 38E4E91B21B5FF93006CC493 /* RouterRequest.swift */; };
		38E4E91E21B5FF9B006CC493 /* API.swift in Sources */ = {isa = PBXBuildFile; fileRef = 38E4E91D21B5FF9B006CC493 /* API.swift */; };
		38E4E92121B6002C006CC493 /* ResponseModel.swift in Sources */ = {isa = PBXBuildFile; fileRef = 38E4E92021B6002C006CC493 /* ResponseModel.swift */; };
		38E4E92321B60059006CC493 /* Model.swift in Sources */ = {isa = PBXBuildFile; fileRef = 38E4E92221B60059006CC493 /* Model.swift */; };
		38E4E92521B6015A006CC493 /* NetworkError.swift in Sources */ = {isa = PBXBuildFile; fileRef = 38E4E92421B6015A006CC493 /* NetworkError.swift */; };
		38E4E92721B62293006CC493 /* HomeViewController.swift in Sources */ = {isa = PBXBuildFile; fileRef = 38E4E92621B62293006CC493 /* HomeViewController.swift */; };
		38E4E92D21B62317006CC493 /* TableViewController.swift in Sources */ = {isa = PBXBuildFile; fileRef = 38E4E92C21B62317006CC493 /* TableViewController.swift */; };
		38E4E92F21B62389006CC493 /* CellProtocols.swift in Sources */ = {isa = PBXBuildFile; fileRef = 38E4E92E21B62389006CC493 /* CellProtocols.swift */; };
		38E4E93121B62415006CC493 /* ReusableCell.swift in Sources */ = {isa = PBXBuildFile; fileRef = 38E4E93021B62415006CC493 /* ReusableCell.swift */; };
		38E4E93921B6252A006CC493 /* Movie.swift in Sources */ = {isa = PBXBuildFile; fileRef = 38E4E93821B6252A006CC493 /* Movie.swift */; };
		38E4E93B21B62533006CC493 /* TVShow.swift in Sources */ = {isa = PBXBuildFile; fileRef = 38E4E93A21B62533006CC493 /* TVShow.swift */; };
		A26B21EBBFAC7BC52688C831 /* Pods_rappmovie.framework in Frameworks */ = {isa = PBXBuildFile; fileRef = E46CD9DCBB1E787F2352A210 /* Pods_rappmovie.framework */; };
/* End PBXBuildFile section */

/* Begin PBXFileReference section */
		1EE12B2FC22D87C7E4D573E2 /* Pods-rappmovie.release.xcconfig */ = {isa = PBXFileReference; includeInIndex = 1; lastKnownFileType = text.xcconfig; name = "Pods-rappmovie.release.xcconfig"; path = "Pods/Target Support Files/Pods-rappmovie/Pods-rappmovie.release.xcconfig"; sourceTree = "<group>"; };
		38392DBA21B8237D00634C94 /* Genre.swift */ = {isa = PBXFileReference; lastKnownFileType = sourcecode.swift; path = Genre.swift; sourceTree = "<group>"; };
		38392DBC21B8245500634C94 /* ListOfGenres.swift */ = {isa = PBXFileReference; lastKnownFileType = sourcecode.swift; path = ListOfGenres.swift; sourceTree = "<group>"; };
		38392DC021B8427D00634C94 /* GenresCarrouselCell.swift */ = {isa = PBXFileReference; lastKnownFileType = sourcecode.swift; path = GenresCarrouselCell.swift; sourceTree = "<group>"; };
		38392DC221B8428B00634C94 /* GenresCarrouselRow.swift */ = {isa = PBXFileReference; lastKnownFileType = sourcecode.swift; path = GenresCarrouselRow.swift; sourceTree = "<group>"; };
		38392DC421B842A200634C94 /* GenresCarrouselCell.xib */ = {isa = PBXFileReference; lastKnownFileType = file.xib; path = GenresCarrouselCell.xib; sourceTree = "<group>"; };
		38392DC621B842E100634C94 /* MediaCarrouselCell.xib */ = {isa = PBXFileReference; lastKnownFileType = file.xib; path = MediaCarrouselCell.xib; sourceTree = "<group>"; };
		38392DC821B842EB00634C94 /* MediaCarrouselCell.swift */ = {isa = PBXFileReference; lastKnownFileType = sourcecode.swift; path = MediaCarrouselCell.swift; sourceTree = "<group>"; };
		38392DCA21B842F200634C94 /* MediaCarrouselRow.swift */ = {isa = PBXFileReference; lastKnownFileType = sourcecode.swift; path = MediaCarrouselRow.swift; sourceTree = "<group>"; };
		38392DCC21B868A600634C94 /* GenreCollectionCell.swift */ = {isa = PBXFileReference; lastKnownFileType = sourcecode.swift; path = GenreCollectionCell.swift; sourceTree = "<group>"; };
		38392DCE21B868B200634C94 /* GenreCollectionCell.xib */ = {isa = PBXFileReference; lastKnownFileType = file.xib; path = GenreCollectionCell.xib; sourceTree = "<group>"; };
		38392DD021B868C700634C94 /* MediaCollectionCell.swift */ = {isa = PBXFileReference; lastKnownFileType = sourcecode.swift; path = MediaCollectionCell.swift; sourceTree = "<group>"; };
		38392DD221B868E000634C94 /* MediaCollectionCell.xib */ = {isa = PBXFileReference; lastKnownFileType = file.xib; path = MediaCollectionCell.xib; sourceTree = "<group>"; };
		38392DD521B872F000634C94 /* CarrouselCell.swift */ = {isa = PBXFileReference; lastKnownFileType = sourcecode.swift; path = CarrouselCell.swift; sourceTree = "<group>"; };
		38392DD721B878DA00634C94 /* MediaSection.swift */ = {isa = PBXFileReference; lastKnownFileType = sourcecode.swift; path = MediaSection.swift; sourceTree = "<group>"; };
		38392DD921B8818000634C94 /* ListOfVideos.swift */ = {isa = PBXFileReference; lastKnownFileType = sourcecode.swift; path = ListOfVideos.swift; sourceTree = "<group>"; };
		38392DDB21B881E500634C94 /* Video.swift */ = {isa = PBXFileReference; lastKnownFileType = sourcecode.swift; path = Video.swift; sourceTree = "<group>"; };
		38392DDD21B889E500634C94 /* HomeResponse.swift */ = {isa = PBXFileReference; lastKnownFileType = sourcecode.swift; path = HomeResponse.swift; sourceTree = "<group>"; };
		38392DE021B8B26C00634C94 /* MediaViewController.swift */ = {isa = PBXFileReference; lastKnownFileType = sourcecode.swift; path = MediaViewController.swift; sourceTree = "<group>"; };
		38392DE221B8B27600634C94 /* MediaViewController.xib */ = {isa = PBXFileReference; lastKnownFileType = file.xib; path = MediaViewController.xib; sourceTree = "<group>"; };
		38392DE421B8B2C300634C94 /* MediaViewModel.swift */ = {isa = PBXFileReference; lastKnownFileType = sourcecode.swift; path = MediaViewModel.swift; sourceTree = "<group>"; };
		38392DE621B8C69200634C94 /* StateViewModel.swift */ = {isa = PBXFileReference; lastKnownFileType = sourcecode.swift; path = StateViewModel.swift; sourceTree = "<group>"; };
		38392DE921B8C81200634C94 /* MediaDetailsSection.swift */ = {isa = PBXFileReference; lastKnownFileType = sourcecode.swift; path = MediaDetailsSection.swift; sourceTree = "<group>"; };
		38392DEE21B953C400634C94 /* MediaHeaderCell.swift */ = {isa = PBXFileReference; lastKnownFileType = sourcecode.swift; path = MediaHeaderCell.swift; sourceTree = "<group>"; };
		38392DF021B953CB00634C94 /* MediaHeaderCell.xib */ = {isa = PBXFileReference; lastKnownFileType = file.xib; path = MediaHeaderCell.xib; sourceTree = "<group>"; };
		38392DF221B953DB00634C94 /* MediaHeaderRow.swift */ = {isa = PBXFileReference; lastKnownFileType = sourcecode.swift; path = MediaHeaderRow.swift; sourceTree = "<group>"; };
		38392DF421B953EC00634C94 /* MediaOverviewRow.swift */ = {isa = PBXFileReference; lastKnownFileType = sourcecode.swift; path = MediaOverviewRow.swift; sourceTree = "<group>"; };
		38392DF821B953FE00634C94 /* MediaOverviewCell.xib */ = {isa = PBXFileReference; lastKnownFileType = file.xib; path = MediaOverviewCell.xib; sourceTree = "<group>"; };
		38392DFA21B9EEAA00634C94 /* MediaOverviewCell.swift */ = {isa = PBXFileReference; fileEncoding = 4; lastKnownFileType = sourcecode.swift; path = MediaOverviewCell.swift; sourceTree = "<group>"; };
		38392DFD21B9EF2A00634C94 /* DateUtils.swift */ = {isa = PBXFileReference; lastKnownFileType = sourcecode.swift; path = DateUtils.swift; sourceTree = "<group>"; };
		38392DFF21B9F9F400634C94 /* MediaVideoCell.swift */ = {isa = PBXFileReference; lastKnownFileType = sourcecode.swift; path = MediaVideoCell.swift; sourceTree = "<group>"; };
		38392E0121B9F9FB00634C94 /* MediaVideoRow.swift */ = {isa = PBXFileReference; lastKnownFileType = sourcecode.swift; path = MediaVideoRow.swift; sourceTree = "<group>"; };
		38392E0321B9FA0900634C94 /* MediaVideoCell.xib */ = {isa = PBXFileReference; lastKnownFileType = file.xib; path = MediaVideoCell.xib; sourceTree = "<group>"; };
		38392E0521BA09F500634C94 /* Styler.swift */ = {isa = PBXFileReference; lastKnownFileType = sourcecode.swift; path = Styler.swift; sourceTree = "<group>"; };
		38392E0721BA0BB700634C94 /* GradientView.swift */ = {isa = PBXFileReference; lastKnownFileType = sourcecode.swift; path = GradientView.swift; sourceTree = "<group>"; };
		38392E0A21BA12AB00634C94 /* SearchViewController.swift */ = {isa = PBXFileReference; lastKnownFileType = sourcecode.swift; path = SearchViewController.swift; sourceTree = "<group>"; };
		38392E0C21BA12B800634C94 /* SearchViewController.xib */ = {isa = PBXFileReference; lastKnownFileType = file.xib; path = SearchViewController.xib; sourceTree = "<group>"; };
		38392E0E21BA12C700634C94 /* SearchViewModel.swift */ = {isa = PBXFileReference; lastKnownFileType = sourcecode.swift; path = SearchViewModel.swift; sourceTree = "<group>"; };
		38392E1021BAA69C00634C94 /* SearchResponse.swift */ = {isa = PBXFileReference; lastKnownFileType = sourcecode.swift; path = SearchResponse.swift; sourceTree = "<group>"; };
		38392E1221BAACA800634C94 /* CollectionViewController.swift */ = {isa = PBXFileReference; lastKnownFileType = sourcecode.swift; path = CollectionViewController.swift; sourceTree = "<group>"; };
		38392E1421BAAF7200634C94 /* SearchResultsSection.swift */ = {isa = PBXFileReference; lastKnownFileType = sourcecode.swift; path = SearchResultsSection.swift; sourceTree = "<group>"; };
		38392E1721BAAFB600634C94 /* MediaRow.swift */ = {isa = PBXFileReference; lastKnownFileType = sourcecode.swift; path = MediaRow.swift; sourceTree = "<group>"; };
		386D9FF921BB30AF004985F2 /* UIView+Extensions.swift */ = {isa = PBXFileReference; lastKnownFileType = sourcecode.swift; path = "UIView+Extensions.swift"; sourceTree = "<group>"; };
		386D9FFD21BB34E3004985F2 /* LoadingCollectionCell.swift */ = {isa = PBXFileReference; lastKnownFileType = sourcecode.swift; path = LoadingCollectionCell.swift; sourceTree = "<group>"; };
		386DA00021BB350A004985F2 /* LoadingCollectionRow.swift */ = {isa = PBXFileReference; lastKnownFileType = sourcecode.swift; path = LoadingCollectionRow.swift; sourceTree = "<group>"; };
		386DA00221BB3C49004985F2 /* LoadingCollectionCell.xib */ = {isa = PBXFileReference; lastKnownFileType = file.xib; path = LoadingCollectionCell.xib; sourceTree = "<group>"; };
		386DA00421BC226E004985F2 /* YouTubeView.swift */ = {isa = PBXFileReference; lastKnownFileType = sourcecode.swift; path = YouTubeView.swift; sourceTree = "<group>"; };
		386DA00721BC22CB004985F2 /* YouTubeView.xib */ = {isa = PBXFileReference; lastKnownFileType = file.xib; path = YouTubeView.xib; sourceTree = "<group>"; };
		386DA00A21BC314D004985F2 /* MediaVideosSection.swift */ = {isa = PBXFileReference; lastKnownFileType = sourcecode.swift; path = MediaVideosSection.swift; sourceTree = "<group>"; };
		386DA00D21BC4549004985F2 /* VideoViewController.swift */ = {isa = PBXFileReference; lastKnownFileType = sourcecode.swift; path = VideoViewController.swift; sourceTree = "<group>"; };
		386DA00F21BC45B7004985F2 /* VideoViewController.xib */ = {isa = PBXFileReference; lastKnownFileType = file.xib; path = VideoViewController.xib; sourceTree = "<group>"; };
		386DA01121BC5653004985F2 /* Comparables.swift */ = {isa = PBXFileReference; lastKnownFileType = sourcecode.swift; path = Comparables.swift; sourceTree = "<group>"; };
		386DA01421BD5298004985F2 /* HomeHeaderCell.swift */ = {isa = PBXFileReference; lastKnownFileType = sourcecode.swift; path = HomeHeaderCell.swift; sourceTree = "<group>"; };
		386DA01621BD52F8004985F2 /* HomeHeaderRow.swift */ = {isa = PBXFileReference; lastKnownFileType = sourcecode.swift; path = HomeHeaderRow.swift; sourceTree = "<group>"; };
		386DA01821BD5365004985F2 /* HomeHeaderCell.xib */ = {isa = PBXFileReference; lastKnownFileType = file.xib; path = HomeHeaderCell.xib; sourceTree = "<group>"; };
		386DA01C21BD5B81004985F2 /* GrowthFadePresentationController.swift */ = {isa = PBXFileReference; lastKnownFileType = sourcecode.swift; path = GrowthFadePresentationController.swift; sourceTree = "<group>"; };
		386DA01F21BD5B9D004985F2 /* GrowthFadeAnimationController.swift */ = {isa = PBXFileReference; lastKnownFileType = sourcecode.swift; path = GrowthFadeAnimationController.swift; sourceTree = "<group>"; };
		386DA02121BD5BB5004985F2 /* GrowthFadeDismissAnimationController.swift */ = {isa = PBXFileReference; lastKnownFileType = sourcecode.swift; path = GrowthFadeDismissAnimationController.swift; sourceTree = "<group>"; };
		38CB09AA21B7449B0023514B /* Media.swift */ = {isa = PBXFileReference; lastKnownFileType = sourcecode.swift; path = Media.swift; sourceTree = "<group>"; };
		38CB09AC21B74AF50023514B /* APIStore.swift */ = {isa = PBXFileReference; lastKnownFileType = sourcecode.swift; path = APIStore.swift; sourceTree = "<group>"; };
		38CB09AE21B75A310023514B /* ListOfMovies.swift */ = {isa = PBXFileReference; lastKnownFileType = sourcecode.swift; path = ListOfMovies.swift; sourceTree = "<group>"; };
		38CB09B021B75A400023514B /* ListOfTVShows.swift */ = {isa = PBXFileReference; lastKnownFileType = sourcecode.swift; path = ListOfTVShows.swift; sourceTree = "<group>"; };
		38CB09B221B76E490023514B /* HomeViewModel.swift */ = {isa = PBXFileReference; lastKnownFileType = sourcecode.swift; path = HomeViewModel.swift; sourceTree = "<group>"; };
		38CB09B421B76E540023514B /* HomeViewController.xib */ = {isa = PBXFileReference; lastKnownFileType = file.xib; path = HomeViewController.xib; sourceTree = "<group>"; };
		38E4E90021B5FDEA006CC493 /* rappmovie.app */ = {isa = PBXFileReference; explicitFileType = wrapper.application; includeInIndex = 0; path = rappmovie.app; sourceTree = BUILT_PRODUCTS_DIR; };
		38E4E90321B5FDEA006CC493 /* AppDelegate.swift */ = {isa = PBXFileReference; lastKnownFileType = sourcecode.swift; path = AppDelegate.swift; sourceTree = "<group>"; };
		38E4E90521B5FDEA006CC493 /* ViewController.swift */ = {isa = PBXFileReference; lastKnownFileType = sourcecode.swift; path = ViewController.swift; sourceTree = "<group>"; };
		38E4E90A21B5FDEC006CC493 /* Assets.xcassets */ = {isa = PBXFileReference; lastKnownFileType = folder.assetcatalog; path = Assets.xcassets; sourceTree = "<group>"; };
		38E4E90D21B5FDEC006CC493 /* Base */ = {isa = PBXFileReference; lastKnownFileType = file.storyboard; name = Base; path = Base.lproj/LaunchScreen.storyboard; sourceTree = "<group>"; };
		38E4E90F21B5FDEC006CC493 /* Info.plist */ = {isa = PBXFileReference; lastKnownFileType = text.plist.xml; path = Info.plist; sourceTree = "<group>"; };
		38E4E91921B5FF44006CC493 /* NetworkStore.swift */ = {isa = PBXFileReference; lastKnownFileType = sourcecode.swift; path = NetworkStore.swift; sourceTree = "<group>"; };
		38E4E91B21B5FF93006CC493 /* RouterRequest.swift */ = {isa = PBXFileReference; lastKnownFileType = sourcecode.swift; path = RouterRequest.swift; sourceTree = "<group>"; };
		38E4E91D21B5FF9B006CC493 /* API.swift */ = {isa = PBXFileReference; lastKnownFileType = sourcecode.swift; path = API.swift; sourceTree = "<group>"; };
		38E4E92021B6002C006CC493 /* ResponseModel.swift */ = {isa = PBXFileReference; lastKnownFileType = sourcecode.swift; path = ResponseModel.swift; sourceTree = "<group>"; };
		38E4E92221B60059006CC493 /* Model.swift */ = {isa = PBXFileReference; lastKnownFileType = sourcecode.swift; path = Model.swift; sourceTree = "<group>"; };
		38E4E92421B6015A006CC493 /* NetworkError.swift */ = {isa = PBXFileReference; lastKnownFileType = sourcecode.swift; path = NetworkError.swift; sourceTree = "<group>"; };
		38E4E92621B62293006CC493 /* HomeViewController.swift */ = {isa = PBXFileReference; lastKnownFileType = sourcecode.swift; path = HomeViewController.swift; sourceTree = "<group>"; };
		38E4E92C21B62317006CC493 /* TableViewController.swift */ = {isa = PBXFileReference; lastKnownFileType = sourcecode.swift; path = TableViewController.swift; sourceTree = "<group>"; };
		38E4E92E21B62389006CC493 /* CellProtocols.swift */ = {isa = PBXFileReference; lastKnownFileType = sourcecode.swift; path = CellProtocols.swift; sourceTree = "<group>"; };
		38E4E93021B62415006CC493 /* ReusableCell.swift */ = {isa = PBXFileReference; lastKnownFileType = sourcecode.swift; path = ReusableCell.swift; sourceTree = "<group>"; };
		38E4E93821B6252A006CC493 /* Movie.swift */ = {isa = PBXFileReference; lastKnownFileType = sourcecode.swift; path = Movie.swift; sourceTree = "<group>"; };
		38E4E93A21B62533006CC493 /* TVShow.swift */ = {isa = PBXFileReference; lastKnownFileType = sourcecode.swift; path = TVShow.swift; sourceTree = "<group>"; };
		6F87BB268D66C5854E1C957D /* Pods-rappmovie.debug.xcconfig */ = {isa = PBXFileReference; includeInIndex = 1; lastKnownFileType = text.xcconfig; name = "Pods-rappmovie.debug.xcconfig"; path = "Pods/Target Support Files/Pods-rappmovie/Pods-rappmovie.debug.xcconfig"; sourceTree = "<group>"; };
		E46CD9DCBB1E787F2352A210 /* Pods_rappmovie.framework */ = {isa = PBXFileReference; explicitFileType = wrapper.framework; includeInIndex = 0; path = Pods_rappmovie.framework; sourceTree = BUILT_PRODUCTS_DIR; };
/* End PBXFileReference section */

/* Begin PBXFrameworksBuildPhase section */
		38E4E8FD21B5FDEA006CC493 /* Frameworks */ = {
			isa = PBXFrameworksBuildPhase;
			buildActionMask = 2147483647;
			files = (
				A26B21EBBFAC7BC52688C831 /* Pods_rappmovie.framework in Frameworks */,
			);
			runOnlyForDeploymentPostprocessing = 0;
		};
/* End PBXFrameworksBuildPhase section */

/* Begin PBXGroup section */
		38392DBE21B8423E00634C94 /* MediaCarrouselCell */ = {
			isa = PBXGroup;
			children = (
				38392DCA21B842F200634C94 /* MediaCarrouselRow.swift */,
				38392DC821B842EB00634C94 /* MediaCarrouselCell.swift */,
				38392DC621B842E100634C94 /* MediaCarrouselCell.xib */,
			);
			path = MediaCarrouselCell;
			sourceTree = "<group>";
		};
		38392DBF21B8426700634C94 /* GenresCarrouselCell */ = {
			isa = PBXGroup;
			children = (
				38392DC221B8428B00634C94 /* GenresCarrouselRow.swift */,
				38392DC021B8427D00634C94 /* GenresCarrouselCell.swift */,
				38392DC421B842A200634C94 /* GenresCarrouselCell.xib */,
				38392DCC21B868A600634C94 /* GenreCollectionCell.swift */,
				38392DCE21B868B200634C94 /* GenreCollectionCell.xib */,
			);
			path = GenresCarrouselCell;
			sourceTree = "<group>";
		};
		38392DD421B872DC00634C94 /* Generics */ = {
			isa = PBXGroup;
			children = (
				386D9FFB21BB3495004985F2 /* MediaRow */,
				38E4E92C21B62317006CC493 /* TableViewController.swift */,
				38392E1221BAACA800634C94 /* CollectionViewController.swift */,
				38392DE621B8C69200634C94 /* StateViewModel.swift */,
				38E4E92E21B62389006CC493 /* CellProtocols.swift */,
				38E4E93021B62415006CC493 /* ReusableCell.swift */,
				38392DD521B872F000634C94 /* CarrouselCell.swift */,
			);
			path = Generics;
			sourceTree = "<group>";
		};
		38392DDF21B8B22600634C94 /* MediaViewController */ = {
			isa = PBXGroup;
			children = (
				38392DE821B8C80000634C94 /* Cells */,
				38392DE021B8B26C00634C94 /* MediaViewController.swift */,
				38392DE421B8B2C300634C94 /* MediaViewModel.swift */,
				38392DE221B8B27600634C94 /* MediaViewController.xib */,
			);
			path = MediaViewController;
			sourceTree = "<group>";
		};
		38392DE821B8C80000634C94 /* Cells */ = {
			isa = PBXGroup;
			children = (
				38392DE921B8C81200634C94 /* MediaDetailsSection.swift */,
				386DA00A21BC314D004985F2 /* MediaVideosSection.swift */,
				38392DEB21B9538A00634C94 /* MediaHeaderCell */,
				38392DEC21B9539700634C94 /* MediaDescriptionCell */,
				38392DED21B953A700634C94 /* MediaVideosCell */,
			);
			path = Cells;
			sourceTree = "<group>";
		};
		38392DEB21B9538A00634C94 /* MediaHeaderCell */ = {
			isa = PBXGroup;
			children = (
				38392DF221B953DB00634C94 /* MediaHeaderRow.swift */,
				38392DEE21B953C400634C94 /* MediaHeaderCell.swift */,
				38392DF021B953CB00634C94 /* MediaHeaderCell.xib */,
			);
			path = MediaHeaderCell;
			sourceTree = "<group>";
		};
		38392DEC21B9539700634C94 /* MediaDescriptionCell */ = {
			isa = PBXGroup;
			children = (
				38392DF421B953EC00634C94 /* MediaOverviewRow.swift */,
				38392DFA21B9EEAA00634C94 /* MediaOverviewCell.swift */,
				38392DF821B953FE00634C94 /* MediaOverviewCell.xib */,
			);
			path = MediaDescriptionCell;
			sourceTree = "<group>";
		};
		38392DED21B953A700634C94 /* MediaVideosCell */ = {
			isa = PBXGroup;
			children = (
				38392E0121B9F9FB00634C94 /* MediaVideoRow.swift */,
				38392DFF21B9F9F400634C94 /* MediaVideoCell.swift */,
				38392E0321B9FA0900634C94 /* MediaVideoCell.xib */,
			);
			path = MediaVideosCell;
			sourceTree = "<group>";
		};
		38392DFC21B9EF1A00634C94 /* Utils */ = {
			isa = PBXGroup;
			children = (
				38392DFD21B9EF2A00634C94 /* DateUtils.swift */,
				386DA01121BC5653004985F2 /* Comparables.swift */,
				38392E0521BA09F500634C94 /* Styler.swift */,
				38392E0721BA0BB700634C94 /* GradientView.swift */,
				386D9FF921BB30AF004985F2 /* UIView+Extensions.swift */,
				386DA00621BC22B1004985F2 /* YouTubeView */,
			);
			path = Utils;
			sourceTree = "<group>";
		};
		38392E0921BA129700634C94 /* SearchViewController */ = {
			isa = PBXGroup;
			children = (
				38392E1621BAAFA000634C94 /* Cells */,
				38392E0A21BA12AB00634C94 /* SearchViewController.swift */,
				38392E0E21BA12C700634C94 /* SearchViewModel.swift */,
				38392E0C21BA12B800634C94 /* SearchViewController.xib */,
			);
			path = SearchViewController;
			sourceTree = "<group>";
		};
		38392E1621BAAFA000634C94 /* Cells */ = {
			isa = PBXGroup;
			children = (
				38392E1421BAAF7200634C94 /* SearchResultsSection.swift */,
				386D9FFC21BB34D3004985F2 /* LoadingRow */,
			);
			path = Cells;
			sourceTree = "<group>";
		};
		386D9FFB21BB3495004985F2 /* MediaRow */ = {
			isa = PBXGroup;
			children = (
				38392E1721BAAFB600634C94 /* MediaRow.swift */,
				38392DD021B868C700634C94 /* MediaCollectionCell.swift */,
				38392DD221B868E000634C94 /* MediaCollectionCell.xib */,
			);
			path = MediaRow;
			sourceTree = "<group>";
		};
		386D9FFC21BB34D3004985F2 /* LoadingRow */ = {
			isa = PBXGroup;
			children = (
				386DA00021BB350A004985F2 /* LoadingCollectionRow.swift */,
				386D9FFD21BB34E3004985F2 /* LoadingCollectionCell.swift */,
				386DA00221BB3C49004985F2 /* LoadingCollectionCell.xib */,
			);
			path = LoadingRow;
			sourceTree = "<group>";
		};
		386DA00621BC22B1004985F2 /* YouTubeView */ = {
			isa = PBXGroup;
			children = (
				386DA00421BC226E004985F2 /* YouTubeView.swift */,
				386DA00721BC22CB004985F2 /* YouTubeView.xib */,
			);
			path = YouTubeView;
			sourceTree = "<group>";
		};
		386DA00C21BC4533004985F2 /* VideoViewController */ = {
			isa = PBXGroup;
			children = (
				386DA00D21BC4549004985F2 /* VideoViewController.swift */,
				386DA00F21BC45B7004985F2 /* VideoViewController.xib */,
			);
			path = VideoViewController;
			sourceTree = "<group>";
		};
		386DA01321BD527B004985F2 /* HomeHeaderCell */ = {
			isa = PBXGroup;
			children = (
				386DA01621BD52F8004985F2 /* HomeHeaderRow.swift */,
				386DA01421BD5298004985F2 /* HomeHeaderCell.swift */,
				386DA01821BD5365004985F2 /* HomeHeaderCell.xib */,
			);
			path = HomeHeaderCell;
			sourceTree = "<group>";
		};
		386DA01A21BD5B31004985F2 /* Presenters */ = {
			isa = PBXGroup;
			children = (
				386DA01B21BD5B3A004985F2 /* GrowthFade */,
			);
			path = Presenters;
			sourceTree = "<group>";
		};
		386DA01B21BD5B3A004985F2 /* GrowthFade */ = {
			isa = PBXGroup;
			children = (
				386DA01C21BD5B81004985F2 /* GrowthFadePresentationController.swift */,
				386DA01F21BD5B9D004985F2 /* GrowthFadeAnimationController.swift */,
				386DA02121BD5BB5004985F2 /* GrowthFadeDismissAnimationController.swift */,
			);
			path = GrowthFade;
			sourceTree = "<group>";
		};
		38E4E8F721B5FDEA006CC493 = {
			isa = PBXGroup;
			children = (
				38E4E90221B5FDEA006CC493 /* rappmovie */,
				38E4E90121B5FDEA006CC493 /* Products */,
				A879EE833BDCC2F21C53A126 /* Pods */,
				C291DE8B6A186EA888DEC29C /* Frameworks */,
			);
			sourceTree = "<group>";
		};
		38E4E90121B5FDEA006CC493 /* Products */ = {
			isa = PBXGroup;
			children = (
				38E4E90021B5FDEA006CC493 /* rappmovie.app */,
			);
			name = Products;
			sourceTree = "<group>";
		};
		38E4E90221B5FDEA006CC493 /* rappmovie */ = {
			isa = PBXGroup;
			children = (
				386DA01A21BD5B31004985F2 /* Presenters */,
				38392DFC21B9EF1A00634C94 /* Utils */,
				38E4E91821B5FF23006CC493 /* ViewControllers */,
				38E4E91721B5FF13006CC493 /* Models */,
				38E4E91521B5FF02006CC493 /* Network */,
				38E4E90321B5FDEA006CC493 /* AppDelegate.swift */,
				38E4E90521B5FDEA006CC493 /* ViewController.swift */,
				38E4E90A21B5FDEC006CC493 /* Assets.xcassets */,
				38E4E90C21B5FDEC006CC493 /* LaunchScreen.storyboard */,
				38E4E90F21B5FDEC006CC493 /* Info.plist */,
			);
			path = rappmovie;
			sourceTree = "<group>";
		};
		38E4E91521B5FF02006CC493 /* Network */ = {
			isa = PBXGroup;
			children = (
				38E4E91921B5FF44006CC493 /* NetworkStore.swift */,
				38CB09AC21B74AF50023514B /* APIStore.swift */,
				38E4E91B21B5FF93006CC493 /* RouterRequest.swift */,
				38E4E91D21B5FF9B006CC493 /* API.swift */,
			);
			path = Network;
			sourceTree = "<group>";
		};
		38E4E91721B5FF13006CC493 /* Models */ = {
			isa = PBXGroup;
			children = (
				38E4E91F21B6001B006CC493 /* Responses */,
				38E4E92221B60059006CC493 /* Model.swift */,
				38392DBA21B8237D00634C94 /* Genre.swift */,
				38E4E93821B6252A006CC493 /* Movie.swift */,
				38CB09AA21B7449B0023514B /* Media.swift */,
				38E4E93A21B62533006CC493 /* TVShow.swift */,
				38392DDB21B881E500634C94 /* Video.swift */,
			);
			path = Models;
			sourceTree = "<group>";
		};
		38E4E91821B5FF23006CC493 /* ViewControllers */ = {
			isa = PBXGroup;
			children = (
				38392DD421B872DC00634C94 /* Generics */,
				38E4E93321B624C7006CC493 /* HomeViewController */,
				38392E0921BA129700634C94 /* SearchViewController */,
				38392DDF21B8B22600634C94 /* MediaViewController */,
				386DA00C21BC4533004985F2 /* VideoViewController */,
			);
			path = ViewControllers;
			sourceTree = "<group>";
		};
		38E4E91F21B6001B006CC493 /* Responses */ = {
			isa = PBXGroup;
			children = (
				38E4E92021B6002C006CC493 /* ResponseModel.swift */,
				38CB09AE21B75A310023514B /* ListOfMovies.swift */,
				38CB09B021B75A400023514B /* ListOfTVShows.swift */,
				38392DBC21B8245500634C94 /* ListOfGenres.swift */,
				38392DD921B8818000634C94 /* ListOfVideos.swift */,
				38392DDD21B889E500634C94 /* HomeResponse.swift */,
				38392E1021BAA69C00634C94 /* SearchResponse.swift */,
				38E4E92421B6015A006CC493 /* NetworkError.swift */,
			);
			path = Responses;
			sourceTree = "<group>";
		};
		38E4E93221B624A4006CC493 /* Cells */ = {
			isa = PBXGroup;
			children = (
				38392DD721B878DA00634C94 /* MediaSection.swift */,
				386DA01321BD527B004985F2 /* HomeHeaderCell */,
				38392DBF21B8426700634C94 /* GenresCarrouselCell */,
				38392DBE21B8423E00634C94 /* MediaCarrouselCell */,
			);
			path = Cells;
			sourceTree = "<group>";
		};
		38E4E93321B624C7006CC493 /* HomeViewController */ = {
			isa = PBXGroup;
			children = (
				38E4E93221B624A4006CC493 /* Cells */,
				38E4E92621B62293006CC493 /* HomeViewController.swift */,
				38CB09B221B76E490023514B /* HomeViewModel.swift */,
				38CB09B421B76E540023514B /* HomeViewController.xib */,
			);
			path = HomeViewController;
			sourceTree = "<group>";
		};
		A879EE833BDCC2F21C53A126 /* Pods */ = {
			isa = PBXGroup;
			children = (
				6F87BB268D66C5854E1C957D /* Pods-rappmovie.debug.xcconfig */,
				1EE12B2FC22D87C7E4D573E2 /* Pods-rappmovie.release.xcconfig */,
			);
			name = Pods;
			sourceTree = "<group>";
		};
		C291DE8B6A186EA888DEC29C /* Frameworks */ = {
			isa = PBXGroup;
			children = (
				E46CD9DCBB1E787F2352A210 /* Pods_rappmovie.framework */,
			);
			name = Frameworks;
			sourceTree = "<group>";
		};
/* End PBXGroup section */

/* Begin PBXNativeTarget section */
		38E4E8FF21B5FDEA006CC493 /* rappmovie */ = {
			isa = PBXNativeTarget;
			buildConfigurationList = 38E4E91221B5FDEC006CC493 /* Build configuration list for PBXNativeTarget "rappmovie" */;
			buildPhases = (
				58BB87D4B92EB650C5225171 /* [CP] Check Pods Manifest.lock */,
				38E4E8FC21B5FDEA006CC493 /* Sources */,
				38E4E8FD21B5FDEA006CC493 /* Frameworks */,
				38E4E8FE21B5FDEA006CC493 /* Resources */,
				110B16F5F96A7ECC233F8442 /* [CP] Embed Pods Frameworks */,
			);
			buildRules = (
			);
			dependencies = (
			);
			name = rappmovie;
			productName = rappmovie;
			productReference = 38E4E90021B5FDEA006CC493 /* rappmovie.app */;
			productType = "com.apple.product-type.application";
		};
/* End PBXNativeTarget section */

/* Begin PBXProject section */
		38E4E8F821B5FDEA006CC493 /* Project object */ = {
			isa = PBXProject;
			attributes = {
				LastSwiftUpdateCheck = 1010;
				LastUpgradeCheck = 1010;
				ORGANIZATIONNAME = BaxLabs;
				TargetAttributes = {
					38E4E8FF21B5FDEA006CC493 = {
						CreatedOnToolsVersion = 10.1;
					};
				};
			};
			buildConfigurationList = 38E4E8FB21B5FDEA006CC493 /* Build configuration list for PBXProject "rappmovie" */;
			compatibilityVersion = "Xcode 9.3";
			developmentRegion = en;
			hasScannedForEncodings = 0;
			knownRegions = (
				en,
				Base,
			);
			mainGroup = 38E4E8F721B5FDEA006CC493;
			productRefGroup = 38E4E90121B5FDEA006CC493 /* Products */;
			projectDirPath = "";
			projectRoot = "";
			targets = (
				38E4E8FF21B5FDEA006CC493 /* rappmovie */,
			);
		};
/* End PBXProject section */

/* Begin PBXResourcesBuildPhase section */
		38E4E8FE21B5FDEA006CC493 /* Resources */ = {
			isa = PBXResourcesBuildPhase;
			buildActionMask = 2147483647;
			files = (
				38E4E90E21B5FDEC006CC493 /* LaunchScreen.storyboard in Resources */,
				38392DC721B842E100634C94 /* MediaCarrouselCell.xib in Resources */,
				386DA00821BC22CB004985F2 /* YouTubeView.xib in Resources */,
				38392E0D21BA12B800634C94 /* SearchViewController.xib in Resources */,
				38E4E90B21B5FDEC006CC493 /* Assets.xcassets in Resources */,
				386DA01921BD5365004985F2 /* HomeHeaderCell.xib in Resources */,
				38392DC521B842A200634C94 /* GenresCarrouselCell.xib in Resources */,
				38CB09B521B76E540023514B /* HomeViewController.xib in Resources */,
				38392DF121B953CB00634C94 /* MediaHeaderCell.xib in Resources */,
				386DA01021BC45B7004985F2 /* VideoViewController.xib in Resources */,
				38392DD321B868E000634C94 /* MediaCollectionCell.xib in Resources */,
				386DA00321BB3C49004985F2 /* LoadingCollectionCell.xib in Resources */,
				38392DF921B953FE00634C94 /* MediaOverviewCell.xib in Resources */,
				38392DCF21B868B200634C94 /* GenreCollectionCell.xib in Resources */,
				38392E0421B9FA0900634C94 /* MediaVideoCell.xib in Resources */,
				38392DE321B8B27600634C94 /* MediaViewController.xib in Resources */,
			);
			runOnlyForDeploymentPostprocessing = 0;
		};
/* End PBXResourcesBuildPhase section */

/* Begin PBXShellScriptBuildPhase section */
		110B16F5F96A7ECC233F8442 /* [CP] Embed Pods Frameworks */ = {
			isa = PBXShellScriptBuildPhase;
			buildActionMask = 2147483647;
			files = (
			);
			inputPaths = (
				"${SRCROOT}/Pods/Target Support Files/Pods-rappmovie/Pods-rappmovie-frameworks.sh",
				"${BUILT_PRODUCTS_DIR}/Alamofire/Alamofire.framework",
				"${BUILT_PRODUCTS_DIR}/AlamofireImage/AlamofireImage.framework",
				"${BUILT_PRODUCTS_DIR}/RxAtomic/RxAtomic.framework",
				"${BUILT_PRODUCTS_DIR}/RxCocoa/RxCocoa.framework",
				"${BUILT_PRODUCTS_DIR}/RxSwift/RxSwift.framework",
				"${BUILT_PRODUCTS_DIR}/SwiftyJSON/SwiftyJSON.framework",
				"${BUILT_PRODUCTS_DIR}/YoutubeDirectLinkExtractor/YoutubeDirectLinkExtractor.framework",
			);
			name = "[CP] Embed Pods Frameworks";
			outputPaths = (
				"${TARGET_BUILD_DIR}/${FRAMEWORKS_FOLDER_PATH}/Alamofire.framework",
				"${TARGET_BUILD_DIR}/${FRAMEWORKS_FOLDER_PATH}/AlamofireImage.framework",
				"${TARGET_BUILD_DIR}/${FRAMEWORKS_FOLDER_PATH}/RxAtomic.framework",
				"${TARGET_BUILD_DIR}/${FRAMEWORKS_FOLDER_PATH}/RxCocoa.framework",
				"${TARGET_BUILD_DIR}/${FRAMEWORKS_FOLDER_PATH}/RxSwift.framework",
				"${TARGET_BUILD_DIR}/${FRAMEWORKS_FOLDER_PATH}/SwiftyJSON.framework",
				"${TARGET_BUILD_DIR}/${FRAMEWORKS_FOLDER_PATH}/YoutubeDirectLinkExtractor.framework",
			);
			runOnlyForDeploymentPostprocessing = 0;
			shellPath = /bin/sh;
			shellScript = "\"${SRCROOT}/Pods/Target Support Files/Pods-rappmovie/Pods-rappmovie-frameworks.sh\"\n";
			showEnvVarsInLog = 0;
		};
		58BB87D4B92EB650C5225171 /* [CP] Check Pods Manifest.lock */ = {
			isa = PBXShellScriptBuildPhase;
			buildActionMask = 2147483647;
			files = (
			);
			inputPaths = (
				"${PODS_PODFILE_DIR_PATH}/Podfile.lock",
				"${PODS_ROOT}/Manifest.lock",
			);
			name = "[CP] Check Pods Manifest.lock";
			outputPaths = (
				"$(DERIVED_FILE_DIR)/Pods-rappmovie-checkManifestLockResult.txt",
			);
			runOnlyForDeploymentPostprocessing = 0;
			shellPath = /bin/sh;
			shellScript = "diff \"${PODS_PODFILE_DIR_PATH}/Podfile.lock\" \"${PODS_ROOT}/Manifest.lock\" > /dev/null\nif [ $? != 0 ] ; then\n    # print error to STDERR\n    echo \"error: The sandbox is not in sync with the Podfile.lock. Run 'pod install' or update your CocoaPods installation.\" >&2\n    exit 1\nfi\n# This output is used by Xcode 'outputs' to avoid re-running this script phase.\necho \"SUCCESS\" > \"${SCRIPT_OUTPUT_FILE_0}\"\n";
			showEnvVarsInLog = 0;
		};
/* End PBXShellScriptBuildPhase section */

/* Begin PBXSourcesBuildPhase section */
		38E4E8FC21B5FDEA006CC493 /* Sources */ = {
			isa = PBXSourcesBuildPhase;
			buildActionMask = 2147483647;
			files = (
				38E4E92321B60059006CC493 /* Model.swift in Sources */,
				38392DE121B8B26C00634C94 /* MediaViewController.swift in Sources */,
				38392DD621B872F000634C94 /* CarrouselCell.swift in Sources */,
				38392DFE21B9EF2A00634C94 /* DateUtils.swift in Sources */,
				38E4E93B21B62533006CC493 /* TVShow.swift in Sources */,
				386DA00E21BC4549004985F2 /* VideoViewController.swift in Sources */,
				38392DBB21B8237D00634C94 /* Genre.swift in Sources */,
				38392DC321B8428B00634C94 /* GenresCarrouselRow.swift in Sources */,
				386DA01D21BD5B81004985F2 /* GrowthFadePresentationController.swift in Sources */,
				386DA01721BD52F8004985F2 /* HomeHeaderRow.swift in Sources */,
				38392DF521B953EC00634C94 /* MediaOverviewRow.swift in Sources */,
				38392DF321B953DB00634C94 /* MediaHeaderRow.swift in Sources */,
				38CB09AF21B75A310023514B /* ListOfMovies.swift in Sources */,
				38392DDC21B881E500634C94 /* Video.swift in Sources */,
				38E4E92521B6015A006CC493 /* NetworkError.swift in Sources */,
				38392DD821B878DA00634C94 /* MediaSection.swift in Sources */,
				38392DC121B8427D00634C94 /* GenresCarrouselCell.swift in Sources */,
				38392E0621BA09F500634C94 /* Styler.swift in Sources */,
				38392E0021B9F9F400634C94 /* MediaVideoCell.swift in Sources */,
				386DA01221BC5653004985F2 /* Comparables.swift in Sources */,
				386DA00521BC226E004985F2 /* YouTubeView.swift in Sources */,
				38392E1521BAAF7200634C94 /* SearchResultsSection.swift in Sources */,
				386DA00121BB350A004985F2 /* LoadingCollectionRow.swift in Sources */,
				38392DCD21B868A600634C94 /* GenreCollectionCell.swift in Sources */,
				386D9FFA21BB30AF004985F2 /* UIView+Extensions.swift in Sources */,
				38392E0821BA0BB700634C94 /* GradientView.swift in Sources */,
				38392E1321BAACA800634C94 /* CollectionViewController.swift in Sources */,
				38392DC921B842EB00634C94 /* MediaCarrouselCell.swift in Sources */,
				38E4E91C21B5FF93006CC493 /* RouterRequest.swift in Sources */,
				38392E1121BAA69C00634C94 /* SearchResponse.swift in Sources */,
				38E4E90621B5FDEA006CC493 /* ViewController.swift in Sources */,
				38392E0221B9F9FB00634C94 /* MediaVideoRow.swift in Sources */,
				38CB09B121B75A400023514B /* ListOfTVShows.swift in Sources */,
				386DA02021BD5B9D004985F2 /* GrowthFadeAnimationController.swift in Sources */,
				38392DEF21B953C400634C94 /* MediaHeaderCell.swift in Sources */,
				38392DDE21B889E500634C94 /* HomeResponse.swift in Sources */,
				38392DE521B8B2C300634C94 /* MediaViewModel.swift in Sources */,
				38E4E91E21B5FF9B006CC493 /* API.swift in Sources */,
				38E4E92D21B62317006CC493 /* TableViewController.swift in Sources */,
				38392E0F21BA12C700634C94 /* SearchViewModel.swift in Sources */,
				38392DE721B8C69200634C94 /* StateViewModel.swift in Sources */,
				38E4E92721B62293006CC493 /* HomeViewController.swift in Sources */,
				38392DCB21B842F200634C94 /* MediaCarrouselRow.swift in Sources */,
				38E4E92F21B62389006CC493 /* CellProtocols.swift in Sources */,
				386DA02221BD5BB5004985F2 /* GrowthFadeDismissAnimationController.swift in Sources */,
				38E4E90421B5FDEA006CC493 /* AppDelegate.swift in Sources */,
				38392DBD21B8245500634C94 /* ListOfGenres.swift in Sources */,
				38392E1821BAAFB600634C94 /* MediaRow.swift in Sources */,
				386DA00B21BC314D004985F2 /* MediaVideosSection.swift in Sources */,
				38392DFB21B9EEAA00634C94 /* MediaOverviewCell.swift in Sources */,
				38CB09AD21B74AF50023514B /* APIStore.swift in Sources */,
				386DA01521BD5298004985F2 /* HomeHeaderCell.swift in Sources */,
				38392E0B21BA12AB00634C94 /* SearchViewController.swift in Sources */,
				38E4E92121B6002C006CC493 /* ResponseModel.swift in Sources */,
				38CB09B321B76E490023514B /* HomeViewModel.swift in Sources */,
				38392DD121B868C700634C94 /* MediaCollectionCell.swift in Sources */,
				38E4E93121B62415006CC493 /* ReusableCell.swift in Sources */,
				38392DEA21B8C81200634C94 /* MediaDetailsSection.swift in Sources */,
				38CB09AB21B7449B0023514B /* Media.swift in Sources */,
				38E4E91A21B5FF44006CC493 /* NetworkStore.swift in Sources */,
				386D9FFE21BB34E3004985F2 /* LoadingCollectionCell.swift in Sources */,
				38E4E93921B6252A006CC493 /* Movie.swift in Sources */,
				38392DDA21B8818000634C94 /* ListOfVideos.swift in Sources */,
			);
			runOnlyForDeploymentPostprocessing = 0;
		};
/* End PBXSourcesBuildPhase section */

/* Begin PBXVariantGroup section */
		38E4E90C21B5FDEC006CC493 /* LaunchScreen.storyboard */ = {
			isa = PBXVariantGroup;
			children = (
				38E4E90D21B5FDEC006CC493 /* Base */,
			);
			name = LaunchScreen.storyboard;
			sourceTree = "<group>";
		};
/* End PBXVariantGroup section */

/* Begin XCBuildConfiguration section */
		38E4E91021B5FDEC006CC493 /* Debug */ = {
			isa = XCBuildConfiguration;
			buildSettings = {
				ALWAYS_SEARCH_USER_PATHS = NO;
				CLANG_ANALYZER_NONNULL = YES;
				CLANG_ANALYZER_NUMBER_OBJECT_CONVERSION = YES_AGGRESSIVE;
				CLANG_CXX_LANGUAGE_STANDARD = "gnu++14";
				CLANG_CXX_LIBRARY = "libc++";
				CLANG_ENABLE_MODULES = YES;
				CLANG_ENABLE_OBJC_ARC = YES;
				CLANG_ENABLE_OBJC_WEAK = YES;
				CLANG_WARN_BLOCK_CAPTURE_AUTORELEASING = YES;
				CLANG_WARN_BOOL_CONVERSION = YES;
				CLANG_WARN_COMMA = YES;
				CLANG_WARN_CONSTANT_CONVERSION = YES;
				CLANG_WARN_DEPRECATED_OBJC_IMPLEMENTATIONS = YES;
				CLANG_WARN_DIRECT_OBJC_ISA_USAGE = YES_ERROR;
				CLANG_WARN_DOCUMENTATION_COMMENTS = YES;
				CLANG_WARN_EMPTY_BODY = YES;
				CLANG_WARN_ENUM_CONVERSION = YES;
				CLANG_WARN_INFINITE_RECURSION = YES;
				CLANG_WARN_INT_CONVERSION = YES;
				CLANG_WARN_NON_LITERAL_NULL_CONVERSION = YES;
				CLANG_WARN_OBJC_IMPLICIT_RETAIN_SELF = YES;
				CLANG_WARN_OBJC_LITERAL_CONVERSION = YES;
				CLANG_WARN_OBJC_ROOT_CLASS = YES_ERROR;
				CLANG_WARN_RANGE_LOOP_ANALYSIS = YES;
				CLANG_WARN_STRICT_PROTOTYPES = YES;
				CLANG_WARN_SUSPICIOUS_MOVE = YES;
				CLANG_WARN_UNGUARDED_AVAILABILITY = YES_AGGRESSIVE;
				CLANG_WARN_UNREACHABLE_CODE = YES;
				CLANG_WARN__DUPLICATE_METHOD_MATCH = YES;
				CODE_SIGN_IDENTITY = "iPhone Developer";
				COPY_PHASE_STRIP = NO;
				DEBUG_INFORMATION_FORMAT = dwarf;
				ENABLE_STRICT_OBJC_MSGSEND = YES;
				ENABLE_TESTABILITY = YES;
				GCC_C_LANGUAGE_STANDARD = gnu11;
				GCC_DYNAMIC_NO_PIC = NO;
				GCC_NO_COMMON_BLOCKS = YES;
				GCC_OPTIMIZATION_LEVEL = 0;
				GCC_PREPROCESSOR_DEFINITIONS = (
					"DEBUG=1",
					"$(inherited)",
				);
				GCC_WARN_64_TO_32_BIT_CONVERSION = YES;
				GCC_WARN_ABOUT_RETURN_TYPE = YES_ERROR;
				GCC_WARN_UNDECLARED_SELECTOR = YES;
				GCC_WARN_UNINITIALIZED_AUTOS = YES_AGGRESSIVE;
				GCC_WARN_UNUSED_FUNCTION = YES;
				GCC_WARN_UNUSED_VARIABLE = YES;
				IPHONEOS_DEPLOYMENT_TARGET = 12.1;
				MTL_ENABLE_DEBUG_INFO = INCLUDE_SOURCE;
				MTL_FAST_MATH = YES;
				ONLY_ACTIVE_ARCH = YES;
				SDKROOT = iphoneos;
				SWIFT_ACTIVE_COMPILATION_CONDITIONS = DEBUG;
				SWIFT_OPTIMIZATION_LEVEL = "-Onone";
			};
			name = Debug;
		};
		38E4E91121B5FDEC006CC493 /* Release */ = {
			isa = XCBuildConfiguration;
			buildSettings = {
				ALWAYS_SEARCH_USER_PATHS = NO;
				CLANG_ANALYZER_NONNULL = YES;
				CLANG_ANALYZER_NUMBER_OBJECT_CONVERSION = YES_AGGRESSIVE;
				CLANG_CXX_LANGUAGE_STANDARD = "gnu++14";
				CLANG_CXX_LIBRARY = "libc++";
				CLANG_ENABLE_MODULES = YES;
				CLANG_ENABLE_OBJC_ARC = YES;
				CLANG_ENABLE_OBJC_WEAK = YES;
				CLANG_WARN_BLOCK_CAPTURE_AUTORELEASING = YES;
				CLANG_WARN_BOOL_CONVERSION = YES;
				CLANG_WARN_COMMA = YES;
				CLANG_WARN_CONSTANT_CONVERSION = YES;
				CLANG_WARN_DEPRECATED_OBJC_IMPLEMENTATIONS = YES;
				CLANG_WARN_DIRECT_OBJC_ISA_USAGE = YES_ERROR;
				CLANG_WARN_DOCUMENTATION_COMMENTS = YES;
				CLANG_WARN_EMPTY_BODY = YES;
				CLANG_WARN_ENUM_CONVERSION = YES;
				CLANG_WARN_INFINITE_RECURSION = YES;
				CLANG_WARN_INT_CONVERSION = YES;
				CLANG_WARN_NON_LITERAL_NULL_CONVERSION = YES;
				CLANG_WARN_OBJC_IMPLICIT_RETAIN_SELF = YES;
				CLANG_WARN_OBJC_LITERAL_CONVERSION = YES;
				CLANG_WARN_OBJC_ROOT_CLASS = YES_ERROR;
				CLANG_WARN_RANGE_LOOP_ANALYSIS = YES;
				CLANG_WARN_STRICT_PROTOTYPES = YES;
				CLANG_WARN_SUSPICIOUS_MOVE = YES;
				CLANG_WARN_UNGUARDED_AVAILABILITY = YES_AGGRESSIVE;
				CLANG_WARN_UNREACHABLE_CODE = YES;
				CLANG_WARN__DUPLICATE_METHOD_MATCH = YES;
				CODE_SIGN_IDENTITY = "iPhone Developer";
				COPY_PHASE_STRIP = NO;
				DEBUG_INFORMATION_FORMAT = "dwarf-with-dsym";
				ENABLE_NS_ASSERTIONS = NO;
				ENABLE_STRICT_OBJC_MSGSEND = YES;
				GCC_C_LANGUAGE_STANDARD = gnu11;
				GCC_NO_COMMON_BLOCKS = YES;
				GCC_WARN_64_TO_32_BIT_CONVERSION = YES;
				GCC_WARN_ABOUT_RETURN_TYPE = YES_ERROR;
				GCC_WARN_UNDECLARED_SELECTOR = YES;
				GCC_WARN_UNINITIALIZED_AUTOS = YES_AGGRESSIVE;
				GCC_WARN_UNUSED_FUNCTION = YES;
				GCC_WARN_UNUSED_VARIABLE = YES;
				IPHONEOS_DEPLOYMENT_TARGET = 12.1;
				MTL_ENABLE_DEBUG_INFO = NO;
				MTL_FAST_MATH = YES;
				SDKROOT = iphoneos;
				SWIFT_COMPILATION_MODE = wholemodule;
				SWIFT_OPTIMIZATION_LEVEL = "-O";
				VALIDATE_PRODUCT = YES;
			};
			name = Release;
		};
		38E4E91321B5FDEC006CC493 /* Debug */ = {
			isa = XCBuildConfiguration;
			baseConfigurationReference = 6F87BB268D66C5854E1C957D /* Pods-rappmovie.debug.xcconfig */;
			buildSettings = {
				ASSETCATALOG_COMPILER_APPICON_NAME = AppIcon;
				CODE_SIGN_STYLE = Manual;
				DEVELOPMENT_TEAM = 6EMVP83UP2;
				INFOPLIST_FILE = rappmovie/Info.plist;
				LD_RUNPATH_SEARCH_PATHS = (
					"$(inherited)",
					"@executable_path/Frameworks",
				);
				PRODUCT_BUNDLE_IDENTIFIER = com.baxLabs.rappmovie;
				PRODUCT_NAME = "$(TARGET_NAME)";
				PROVISIONING_PROFILE_SPECIFIER = DevelopmentProvisioningProfile;
				SWIFT_VERSION = 4.2;
				TARGETED_DEVICE_FAMILY = 1;
			};
			name = Debug;
		};
		38E4E91421B5FDEC006CC493 /* Release */ = {
			isa = XCBuildConfiguration;
			baseConfigurationReference = 1EE12B2FC22D87C7E4D573E2 /* Pods-rappmovie.release.xcconfig */;
			buildSettings = {
				ASSETCATALOG_COMPILER_APPICON_NAME = AppIcon;
				CODE_SIGN_STYLE = Manual;
				DEVELOPMENT_TEAM = "";
				INFOPLIST_FILE = rappmovie/Info.plist;
				LD_RUNPATH_SEARCH_PATHS = (
					"$(inherited)",
					"@executable_path/Frameworks",
				);
				PRODUCT_BUNDLE_IDENTIFIER = com.baxLabs.rappmovie;
				PRODUCT_NAME = "$(TARGET_NAME)";
				PROVISIONING_PROFILE_SPECIFIER = "";
				SWIFT_VERSION = 4.2;
				TARGETED_DEVICE_FAMILY = 1;
			};
			name = Release;
		};
/* End XCBuildConfiguration section */

/* Begin XCConfigurationList section */
		38E4E8FB21B5FDEA006CC493 /* Build configuration list for PBXProject "rappmovie" */ = {
			isa = XCConfigurationList;
			buildConfigurations = (
				38E4E91021B5FDEC006CC493 /* Debug */,
				38E4E91121B5FDEC006CC493 /* Release */,
			);
			defaultConfigurationIsVisible = 0;
			defaultConfigurationName = Release;
		};
		38E4E91221B5FDEC006CC493 /* Build configuration list for PBXNativeTarget "rappmovie" */ = {
			isa = XCConfigurationList;
			buildConfigurations = (
				38E4E91321B5FDEC006CC493 /* Debug */,
				38E4E91421B5FDEC006CC493 /* Release */,
			);
			defaultConfigurationIsVisible = 0;
			defaultConfigurationName = Release;
		};
/* End XCConfigurationList section */
	};
	rootObject = 38E4E8F821B5FDEA006CC493 /* Project object */;
}
